{
  "version": 4,
  "terraform_version": "1.1.7",
  "serial": 797,
  "lineage": "52111af0-f7f8-621d-ac9c-5c8054a586d2",
  "outputs": {
    "application_url": {
      "value": "alb-dev-cli-1460782127.eu-central-1.elb.amazonaws.com",
      "type": "string"
    }
  },
  "resources": [
    {
      "mode": "data",
      "type": "aws_caller_identity",
      "name": "id_current_account",
      "provider": "provider[\"registry.terraform.io/hashicorp/aws\"]",
      "instances": [
        {
          "schema_version": 0,
          "attributes": {
            "account_id": "533253532860",
            "arn": "arn:aws:iam::533253532860:user/tstojkovski",
            "id": "533253532860",
            "user_id": "AIDAXYKDDFS6B2XC7M6XD"
          },
          "sensitive_attributes": []
        }
      ]
    },
    {
      "mode": "managed",
      "type": "aws_codestarconnections_connection",
      "name": "pipeline",
      "provider": "provider[\"registry.terraform.io/hashicorp/aws\"]",
      "instances": [
        {
          "schema_version": 0,
          "attributes": {
            "arn": "arn:aws:codestar-connections:eu-central-1:533253532860:connection/14b0eeda-d4f3-4220-8b6e-e90d70930e7c",
            "connection_status": "AVAILABLE",
            "host_arn": "",
            "id": "arn:aws:codestar-connections:eu-central-1:533253532860:connection/14b0eeda-d4f3-4220-8b6e-e90d70930e7c",
            "name": "codestar-gh",
            "provider_type": "GitHub",
            "tags": {},
            "tags_all": {}
          },
          "sensitive_attributes": [],
          "private": "bnVsbA=="
        }
      ]
    },
    {
      "mode": "managed",
      "type": "random_id",
      "name": "RANDOM_ID",
      "provider": "provider[\"registry.terraform.io/hashicorp/random\"]",
      "instances": [
        {
          "schema_version": 0,
          "attributes": {
            "b64_std": "1ts=",
            "b64_url": "1ts",
            "byte_length": 2,
            "dec": "55003",
            "hex": "d6db",
            "id": "1ts",
            "keepers": null,
            "prefix": null
          },
          "sensitive_attributes": [],
          "private": "bnVsbA=="
        }
      ]
    },
    {
      "module": "module.alb_backend",
      "mode": "managed",
      "type": "aws_alb",
      "name": "alb",
      "provider": "provider[\"registry.terraform.io/hashicorp/aws\"]",
      "instances": [
        {
          "index_key": 0,
          "schema_version": 0,
          "attributes": {
            "access_logs": [
              {
                "bucket": "",
                "enabled": false,
                "prefix": ""
              }
            ],
            "arn": "arn:aws:elasticloadbalancing:eu-central-1:533253532860:loadbalancer/app/alb-dev-be/036968fc06c10150",
            "arn_suffix": "app/alb-dev-be/036968fc06c10150",
            "customer_owned_ipv4_pool": "",
            "desync_mitigation_mode": "defensive",
            "dns_name": "alb-dev-be-1110369719.eu-central-1.elb.amazonaws.com",
            "drop_invalid_header_fields": false,
            "enable_cross_zone_load_balancing": null,
            "enable_deletion_protection": false,
            "enable_http2": true,
            "enable_waf_fail_open": false,
            "id": "arn:aws:elasticloadbalancing:eu-central-1:533253532860:loadbalancer/app/alb-dev-be/036968fc06c10150",
            "idle_timeout": 30,
            "internal": false,
            "ip_address_type": "ipv4",
            "load_balancer_type": "application",
            "name": "alb-dev-be",
            "name_prefix": null,
            "security_groups": [
              "sg-09854e18bcb6028f9"
            ],
            "subnet_mapping": [
              {
                "allocation_id": "",
                "ipv6_address": "",
                "outpost_id": "",
                "private_ipv4_address": "",
                "subnet_id": "subnet-04a87aecf215603c0"
              },
              {
                "allocation_id": "",
                "ipv6_address": "",
                "outpost_id": "",
                "private_ipv4_address": "",
                "subnet_id": "subnet-051925463e261e733"
              }
            ],
            "subnets": [
              "subnet-04a87aecf215603c0",
              "subnet-051925463e261e733"
            ],
            "tags": {},
            "tags_all": {},
            "timeouts": null,
            "vpc_id": "vpc-0bdf66f19385c1faa",
            "zone_id": "Z215JYRZR1TBD5"
          },
          "sensitive_attributes": [],
          "private": "eyJlMmJmYjczMC1lY2FhLTExZTYtOGY4OC0zNDM2M2JjN2M0YzAiOnsiY3JlYXRlIjo2MDAwMDAwMDAwMDAsImRlbGV0ZSI6NjAwMDAwMDAwMDAwLCJ1cGRhdGUiOjYwMDAwMDAwMDAwMH19",
          "dependencies": [
            "module.networking.aws_subnet.public_subnets",
            "module.networking.aws_vpc.aws_vpc",
            "module.networking.data.aws_availability_zones.az_availables",
            "module.security_group_alb_backend.aws_security_group.sg"
          ],
          "create_before_destroy": true
        }
      ]
    },
    {
      "module": "module.alb_backend",
      "mode": "managed",
      "type": "aws_alb_listener",
      "name": "http_listener",
      "provider": "provider[\"registry.terraform.io/hashicorp/aws\"]",
      "instances": [
        {
          "index_key": 0,
          "schema_version": 0,
          "attributes": {
            "alpn_policy": null,
            "arn": "arn:aws:elasticloadbalancing:eu-central-1:533253532860:listener/app/alb-dev-be/036968fc06c10150/50f81f267d230d9d",
            "certificate_arn": null,
            "default_action": [
              {
                "authenticate_cognito": [],
                "authenticate_oidc": [],
                "fixed_response": [],
                "forward": [],
                "order": 1,
                "redirect": [],
                "target_group_arn": "arn:aws:elasticloadbalancing:eu-central-1:533253532860:targetgroup/tg-dev-b/9b5c1015cf1ace89",
                "type": "forward"
              }
            ],
            "id": "arn:aws:elasticloadbalancing:eu-central-1:533253532860:listener/app/alb-dev-be/036968fc06c10150/50f81f267d230d9d",
            "load_balancer_arn": "arn:aws:elasticloadbalancing:eu-central-1:533253532860:loadbalancer/app/alb-dev-be/036968fc06c10150",
            "port": 80,
            "protocol": "HTTP",
            "ssl_policy": "",
            "tags": {},
            "tags_all": {},
            "timeouts": null
          },
          "sensitive_attributes": [],
          "private": "eyJlMmJmYjczMC1lY2FhLTExZTYtOGY4OC0zNDM2M2JjN2M0YzAiOnsicmVhZCI6NjAwMDAwMDAwMDAwfX0=",
          "dependencies": [
            "module.alb_backend.aws_alb.alb",
            "module.networking.aws_subnet.public_subnets",
            "module.networking.aws_vpc.aws_vpc",
            "module.networking.data.aws_availability_zones.az_availables",
            "module.security_group_alb_backend.aws_security_group.sg",
            "module.target_group_backend.aws_alb_target_group.target_group"
          ]
        }
      ]
    },
    {
      "module": "module.alb_client",
      "mode": "managed",
      "type": "aws_alb",
      "name": "alb",
      "provider": "provider[\"registry.terraform.io/hashicorp/aws\"]",
      "instances": [
        {
          "index_key": 0,
          "schema_version": 0,
          "attributes": {
            "access_logs": [
              {
                "bucket": "",
                "enabled": false,
                "prefix": ""
              }
            ],
            "arn": "arn:aws:elasticloadbalancing:eu-central-1:533253532860:loadbalancer/app/alb-dev-cli/0d30f78fcdb9b799",
            "arn_suffix": "app/alb-dev-cli/0d30f78fcdb9b799",
            "customer_owned_ipv4_pool": "",
            "desync_mitigation_mode": "defensive",
            "dns_name": "alb-dev-cli-1460782127.eu-central-1.elb.amazonaws.com",
            "drop_invalid_header_fields": false,
            "enable_cross_zone_load_balancing": null,
            "enable_deletion_protection": false,
            "enable_http2": true,
            "enable_waf_fail_open": false,
            "id": "arn:aws:elasticloadbalancing:eu-central-1:533253532860:loadbalancer/app/alb-dev-cli/0d30f78fcdb9b799",
            "idle_timeout": 30,
            "internal": false,
            "ip_address_type": "ipv4",
            "load_balancer_type": "application",
            "name": "alb-dev-cli",
            "name_prefix": null,
            "security_groups": [
              "sg-00dbd9d5ac568af25"
            ],
            "subnet_mapping": [
              {
                "allocation_id": "",
                "ipv6_address": "",
                "outpost_id": "",
                "private_ipv4_address": "",
                "subnet_id": "subnet-04a87aecf215603c0"
              },
              {
                "allocation_id": "",
                "ipv6_address": "",
                "outpost_id": "",
                "private_ipv4_address": "",
                "subnet_id": "subnet-051925463e261e733"
              }
            ],
            "subnets": [
              "subnet-04a87aecf215603c0",
              "subnet-051925463e261e733"
            ],
            "tags": {},
            "tags_all": {},
            "timeouts": null,
            "vpc_id": "vpc-0bdf66f19385c1faa",
            "zone_id": "Z215JYRZR1TBD5"
          },
          "sensitive_attributes": [],
          "private": "eyJlMmJmYjczMC1lY2FhLTExZTYtOGY4OC0zNDM2M2JjN2M0YzAiOnsiY3JlYXRlIjo2MDAwMDAwMDAwMDAsImRlbGV0ZSI6NjAwMDAwMDAwMDAwLCJ1cGRhdGUiOjYwMDAwMDAwMDAwMH19",
          "dependencies": [
            "module.networking.aws_subnet.public_subnets",
            "module.networking.aws_vpc.aws_vpc",
            "module.networking.data.aws_availability_zones.az_availables",
            "module.security_group_alb_client.aws_security_group.sg"
          ],
          "create_before_destroy": true
        }
      ]
    },
    {
      "module": "module.alb_client",
      "mode": "managed",
      "type": "aws_alb_listener",
      "name": "http_listener",
      "provider": "provider[\"registry.terraform.io/hashicorp/aws\"]",
      "instances": [
        {
          "index_key": 0,
          "schema_version": 0,
          "attributes": {
            "alpn_policy": null,
            "arn": "arn:aws:elasticloadbalancing:eu-central-1:533253532860:listener/app/alb-dev-cli/0d30f78fcdb9b799/d3653388cf657a39",
            "certificate_arn": null,
            "default_action": [
              {
                "authenticate_cognito": [],
                "authenticate_oidc": [],
                "fixed_response": [],
                "forward": [],
                "order": 1,
                "redirect": [],
                "target_group_arn": "arn:aws:elasticloadbalancing:eu-central-1:533253532860:targetgroup/tg-dev-c-b/b5dd036c7a1575c7",
                "type": "forward"
              }
            ],
            "id": "arn:aws:elasticloadbalancing:eu-central-1:533253532860:listener/app/alb-dev-cli/0d30f78fcdb9b799/d3653388cf657a39",
            "load_balancer_arn": "arn:aws:elasticloadbalancing:eu-central-1:533253532860:loadbalancer/app/alb-dev-cli/0d30f78fcdb9b799",
            "port": 80,
            "protocol": "HTTP",
            "ssl_policy": "",
            "tags": {},
            "tags_all": {},
            "timeouts": null
          },
          "sensitive_attributes": [],
          "private": "eyJlMmJmYjczMC1lY2FhLTExZTYtOGY4OC0zNDM2M2JjN2M0YzAiOnsicmVhZCI6NjAwMDAwMDAwMDAwfX0=",
          "dependencies": [
            "module.alb_client.aws_alb.alb",
            "module.networking.aws_subnet.public_subnets",
            "module.networking.aws_vpc.aws_vpc",
            "module.networking.data.aws_availability_zones.az_availables",
            "module.security_group_alb_client.aws_security_group.sg",
            "module.target_group_client_blue.aws_alb_target_group.target_group"
          ],
          "create_before_destroy": true
        }
      ]
    },
    {
      "module": "module.codebuild_backend",
      "mode": "managed",
      "type": "aws_codebuild_project",
      "name": "aws_codebuild",
      "provider": "provider[\"registry.terraform.io/hashicorp/aws\"]",
      "instances": [
        {
          "schema_version": 0,
          "attributes": {
            "arn": "arn:aws:codebuild:eu-central-1:533253532860:project/codebuild-dev-backend",
            "artifacts": [
              {
                "artifact_identifier": "",
                "bucket_owner_access": "",
                "encryption_disabled": false,
                "location": "",
                "name": "codebuild-dev-backend",
                "namespace_type": "",
                "override_artifact_name": false,
                "packaging": "NONE",
                "path": "",
                "type": "CODEPIPELINE"
              }
            ],
            "badge_enabled": false,
            "badge_url": "",
            "build_batch_config": [],
            "build_timeout": 10,
            "cache": [
              {
                "location": "",
                "modes": [],
                "type": "NO_CACHE"
              }
            ],
            "concurrent_build_limit": 0,
            "description": "Terraform codebuild project",
            "encryption_key": "arn:aws:kms:eu-central-1:533253532860:alias/aws/s3",
            "environment": [
              {
                "certificate": "",
                "compute_type": "BUILD_GENERAL1_SMALL",
                "environment_variable": [
                  {
                    "name": "AWS_REGION",
                    "type": "PLAINTEXT",
                    "value": "eu-central-1"
                  },
                  {
                    "name": "AWS_ACCOUNT_ID",
                    "type": "PLAINTEXT",
                    "value": "533253532860"
                  },
                  {
                    "name": "IMAGE_TAG",
                    "type": "PLAINTEXT",
                    "value": "latest"
                  },
                  {
                    "name": "FOLDER_PATH",
                    "type": "PLAINTEXT",
                    "value": "./backend/."
                  },
                  {
                    "name": "STAGE",
                    "type": "PLAINTEXT",
                    "value": "dev"
                  }
                ],
                "image": "aws/codebuild/standard:4.0",
                "image_pull_credentials_type": "CODEBUILD",
                "privileged_mode": true,
                "registry_credential": [],
                "type": "LINUX_CONTAINER"
              }
            ],
            "file_system_locations": [],
            "id": "arn:aws:codebuild:eu-central-1:533253532860:project/codebuild-dev-backend",
            "logs_config": [
              {
                "cloudwatch_logs": [
                  {
                    "group_name": "log-group",
                    "status": "ENABLED",
                    "stream_name": "log-stream"
                  }
                ],
                "s3_logs": [
                  {
                    "bucket_owner_access": "",
                    "encryption_disabled": false,
                    "location": "",
                    "status": "DISABLED"
                  }
                ]
              }
            ],
            "name": "codebuild-dev-backend",
            "project_visibility": "PRIVATE",
            "public_project_alias": "",
            "queued_timeout": 480,
            "resource_access_role": "",
            "secondary_artifacts": [],
            "secondary_source_version": [],
            "secondary_sources": [],
            "service_role": "arn:aws:iam::533253532860:role/DevOps-Role",
            "source": [
              {
                "auth": [],
                "build_status_config": [],
                "buildspec": "./infrastructure/dev/buildspec_backend.yml",
                "git_clone_depth": 0,
                "git_submodules_config": [],
                "insecure_ssl": false,
                "location": "",
                "report_build_status": false,
                "type": "CODEPIPELINE"
              }
            ],
            "source_version": "",
            "tags": {},
            "tags_all": {},
            "vpc_config": []
          },
          "sensitive_attributes": [],
          "private": "bnVsbA==",
          "dependencies": [
            "data.aws_caller_identity.id_current_account",
            "module.devops_role.aws_iam_role.devops_role",
            "module.devops_role.aws_iam_role.ecs_task_excecution_role"
          ],
          "create_before_destroy": true
        }
      ]
    },
    {
      "module": "module.codebuild_client",
      "mode": "managed",
      "type": "aws_codebuild_project",
      "name": "aws_codebuild",
      "provider": "provider[\"registry.terraform.io/hashicorp/aws\"]",
      "instances": [
        {
          "schema_version": 0,
          "attributes": {
            "arn": "arn:aws:codebuild:eu-central-1:533253532860:project/codebuild-dev-client",
            "artifacts": [
              {
                "artifact_identifier": "",
                "bucket_owner_access": "",
                "encryption_disabled": false,
                "location": "",
                "name": "codebuild-dev-client",
                "namespace_type": "",
                "override_artifact_name": false,
                "packaging": "NONE",
                "path": "",
                "type": "CODEPIPELINE"
              }
            ],
            "badge_enabled": false,
            "badge_url": "",
            "build_batch_config": [],
            "build_timeout": 10,
            "cache": [
              {
                "location": "",
                "modes": [],
                "type": "NO_CACHE"
              }
            ],
            "concurrent_build_limit": 0,
            "description": "Terraform codebuild project",
            "encryption_key": "arn:aws:kms:eu-central-1:533253532860:alias/aws/s3",
            "environment": [
              {
                "certificate": "",
                "compute_type": "BUILD_GENERAL1_SMALL",
                "environment_variable": [
                  {
                    "name": "AWS_REGION",
                    "type": "PLAINTEXT",
                    "value": "eu-central-1"
                  },
                  {
                    "name": "AWS_ACCOUNT_ID",
                    "type": "PLAINTEXT",
                    "value": "533253532860"
                  },
                  {
                    "name": "REPO_URL",
                    "type": "PLAINTEXT",
                    "value": "533253532860.dkr.ecr.eu-central-1.amazonaws.com/repo-client"
                  },
                  {
                    "name": "IMAGE_TAG",
                    "type": "PLAINTEXT",
                    "value": "latest"
                  },
                  {
                    "name": "DYNAMODB_TABLE",
                    "type": "PLAINTEXT",
                    "value": ""
                  },
                  {
                    "name": "TASK_DEFINITION_FAMILY",
                    "type": "PLAINTEXT",
                    "value": "task-definition-dev-client"
                  },
                  {
                    "name": "CONTAINER_NAME",
                    "type": "PLAINTEXT",
                    "value": "Container-client"
                  },
                  {
                    "name": "SERVICE_PORT",
                    "type": "PLAINTEXT",
                    "value": "80"
                  },
                  {
                    "name": "FOLDER_PATH",
                    "type": "PLAINTEXT",
                    "value": "./frontend/."
                  },
                  {
                    "name": "ECS_ROLE",
                    "type": "PLAINTEXT",
                    "value": "ECS-task-excecution-Role"
                  },
                  {
                    "name": "ECS_TASK_ROLE",
                    "type": "PLAINTEXT",
                    "value": "null"
                  },
                  {
                    "name": "BACKEND_ALB_URL",
                    "type": "PLAINTEXT",
                    "value": "alb-dev-be-1110369719.eu-central-1.elb.amazonaws.com"
                  }
                ],
                "image": "aws/codebuild/standard:4.0",
                "image_pull_credentials_type": "CODEBUILD",
                "privileged_mode": true,
                "registry_credential": [],
                "type": "LINUX_CONTAINER"
              }
            ],
            "file_system_locations": [],
            "id": "arn:aws:codebuild:eu-central-1:533253532860:project/codebuild-dev-client",
            "logs_config": [
              {
                "cloudwatch_logs": [
                  {
                    "group_name": "log-group",
                    "status": "ENABLED",
                    "stream_name": "log-stream"
                  }
                ],
                "s3_logs": [
                  {
                    "bucket_owner_access": "",
                    "encryption_disabled": false,
                    "location": "",
                    "status": "DISABLED"
                  }
                ]
              }
            ],
            "name": "codebuild-dev-client",
            "project_visibility": "PRIVATE",
            "public_project_alias": "",
            "queued_timeout": 480,
            "resource_access_role": "",
            "secondary_artifacts": [],
            "secondary_source_version": [],
            "secondary_sources": [],
            "service_role": "arn:aws:iam::533253532860:role/DevOps-Role",
            "source": [
              {
                "auth": [],
                "build_status_config": [],
                "buildspec": "./infrastructure/dev/buildspec_client.yml",
                "git_clone_depth": 0,
                "git_submodules_config": [],
                "insecure_ssl": false,
                "location": "",
                "report_build_status": false,
                "type": "CODEPIPELINE"
              }
            ],
            "source_version": "",
            "tags": {},
            "tags_all": {},
            "vpc_config": []
          },
          "sensitive_attributes": [],
          "private": "bnVsbA==",
          "dependencies": [
            "data.aws_caller_identity.id_current_account",
            "module.alb_backend.aws_alb.alb",
            "module.devops_role.aws_iam_role.devops_role",
            "module.devops_role.aws_iam_role.ecs_task_excecution_role",
            "module.ecr_client.aws_ecr_repository.ecr_repository",
            "module.ecs_role.aws_iam_role.devops_role",
            "module.ecs_role.aws_iam_role.ecs_task_excecution_role",
            "module.ecs_role.aws_iam_role.ecs_task_role",
            "module.ecs_taks_definition_client.aws_ecs_task_definition.ecs_task_definition",
            "module.networking.aws_subnet.public_subnets",
            "module.networking.aws_vpc.aws_vpc",
            "module.networking.data.aws_availability_zones.az_availables",
            "module.security_group_alb_backend.aws_security_group.sg"
          ],
          "create_before_destroy": true
        }
      ]
    },
    {
      "module": "module.codedeploy_client",
      "mode": "managed",
      "type": "aws_codedeploy_app",
      "name": "main",
      "provider": "provider[\"registry.terraform.io/hashicorp/aws\"]",
      "instances": [
        {
          "schema_version": 0,
          "attributes": {
            "application_id": "f4c2768a-453f-4dda-b9cd-d18485817d9d",
            "arn": "arn:aws:codedeploy:eu-central-1:533253532860:application:deploy-dev-client",
            "compute_platform": "ECS",
            "github_account_name": "",
            "id": "f4c2768a-453f-4dda-b9cd-d18485817d9d:deploy-dev-client",
            "linked_to_github": false,
            "name": "deploy-dev-client",
            "tags": {},
            "tags_all": {}
          },
          "sensitive_attributes": [],
          "private": "bnVsbA==",
          "create_before_destroy": true
        }
      ]
    },
    {
      "module": "module.codedeploy_client",
      "mode": "managed",
      "type": "aws_codedeploy_deployment_group",
      "name": "main",
      "provider": "provider[\"registry.terraform.io/hashicorp/aws\"]",
      "instances": [
        {
          "schema_version": 0,
          "attributes": {
            "alarm_configuration": [],
            "app_name": "deploy-dev-client",
            "arn": "arn:aws:codedeploy:eu-central-1:533253532860:deploymentgroup:deploy-dev-client/deployment-group-deploy-dev-client",
            "auto_rollback_configuration": [
              {
                "enabled": true,
                "events": [
                  "DEPLOYMENT_FAILURE"
                ]
              }
            ],
            "autoscaling_groups": [],
            "blue_green_deployment_config": [
              {
                "deployment_ready_option": [
                  {
                    "action_on_timeout": "CONTINUE_DEPLOYMENT",
                    "wait_time_in_minutes": 0
                  }
                ],
                "green_fleet_provisioning_option": [],
                "terminate_blue_instances_on_deployment_success": [
                  {
                    "action": "TERMINATE",
                    "termination_wait_time_in_minutes": 5
                  }
                ]
              }
            ],
            "compute_platform": "ECS",
            "deployment_config_name": "CodeDeployDefault.ECSAllAtOnce",
            "deployment_group_id": "3b384d3d-266c-4a82-bf78-90547c6f57e9",
            "deployment_group_name": "deployment-group-deploy-dev-client",
            "deployment_style": [
              {
                "deployment_option": "WITH_TRAFFIC_CONTROL",
                "deployment_type": "BLUE_GREEN"
              }
            ],
            "ec2_tag_filter": [],
            "ec2_tag_set": [],
            "ecs_service": [
              {
                "cluster_name": "Cluster-dev",
                "service_name": "Service-dev-client"
              }
            ],
            "id": "3b384d3d-266c-4a82-bf78-90547c6f57e9",
            "load_balancer_info": [
              {
                "elb_info": [],
                "target_group_info": [],
                "target_group_pair_info": [
                  {
                    "prod_traffic_route": [
                      {
                        "listener_arns": [
                          "arn:aws:elasticloadbalancing:eu-central-1:533253532860:listener/app/alb-dev-cli/0d30f78fcdb9b799/d3653388cf657a39"
                        ]
                      }
                    ],
                    "target_group": [
                      {
                        "name": "tg-dev-c-b"
                      },
                      {
                        "name": "tg-dev-c-g"
                      }
                    ],
                    "test_traffic_route": []
                  }
                ]
              }
            ],
            "on_premises_instance_tag_filter": [],
            "service_role_arn": "arn:aws:iam::533253532860:role/CodeDeploy-Role",
            "tags": {},
            "tags_all": {},
            "trigger_configuration": [
              {
                "trigger_events": [
                  "DeploymentFailure",
                  "DeploymentSuccess"
                ],
                "trigger_name": "CodeDeploy_notification",
                "trigger_target_arn": "arn:aws:sns:eu-central-1:533253532860:sns-dev"
              }
            ]
          },
          "sensitive_attributes": [],
          "private": "bnVsbA==",
          "dependencies": [
            "module.alb_client.aws_alb.alb",
            "module.alb_client.aws_alb_listener.http_listener",
            "module.alb_client.aws_alb_listener.https_listener",
            "module.alb_client.aws_alb_target_group.target_group",
            "module.codedeploy_client.aws_codedeploy_app.main",
            "module.codedeploy_role.aws_iam_role.codedeploy_role",
            "module.ecr_client.aws_ecr_repository.ecr_repository",
            "module.ecs_cluster.aws_ecs_cluster.ecs_cluster",
            "module.ecs_role.aws_iam_role.devops_role",
            "module.ecs_role.aws_iam_role.ecs_task_excecution_role",
            "module.ecs_role.aws_iam_role.ecs_task_role",
            "module.ecs_service_client.aws_ecs_service.ecs_service",
            "module.ecs_taks_definition_client.aws_ecs_task_definition.ecs_task_definition",
            "module.networking.aws_subnet.private_subnets_client",
            "module.networking.aws_subnet.public_subnets",
            "module.networking.aws_vpc.aws_vpc",
            "module.networking.data.aws_availability_zones.az_availables",
            "module.security_group_alb_client.aws_security_group.sg",
            "module.security_group_ecs_task_client.aws_security_group.sg",
            "module.sns.aws_sns_topic.sns_notifications",
            "module.target_group_client_blue.aws_alb_target_group.target_group",
            "module.target_group_client_green.aws_alb_target_group.target_group"
          ],
          "create_before_destroy": true
        }
      ]
    },
    {
      "module": "module.codedeploy_role",
      "mode": "data",
      "type": "aws_iam_policy_document",
      "name": "role_policy_devops_role",
      "provider": "provider[\"registry.terraform.io/hashicorp/aws\"]",
      "instances": [
        {
          "schema_version": 0,
          "attributes": {
            "id": "3019431499",
            "json": "{\n  \"Version\": \"2012-10-17\",\n  \"Statement\": [\n    {\n      \"Sid\": \"AllowS3Actions\",\n      \"Effect\": \"Allow\",\n      \"Action\": \"s3:*\",\n      \"Resource\": \"*\"\n    },\n    {\n      \"Sid\": \"AllowCodebuildActions\",\n      \"Effect\": \"Allow\",\n      \"Action\": [\n        \"codebuild:StopBuild\",\n        \"codebuild:StartBuildBatch\",\n        \"codebuild:StartBuild\",\n        \"codebuild:BatchGetBuilds\",\n        \"codebuild:BatchGetBuildBatches\"\n      ],\n      \"Resource\": \"*\"\n    },\n    {\n      \"Sid\": \"AllowCodebuildList\",\n      \"Effect\": \"Allow\",\n      \"Action\": \"codebuild:ListBuilds\",\n      \"Resource\": \"*\"\n    },\n    {\n      \"Sid\": \"AllowCodeDeployActions\",\n      \"Effect\": \"Allow\",\n      \"Action\": [\n        \"codedeploy:RegisterApplicationRevision\",\n        \"codedeploy:GetDeploymentGroup\",\n        \"codedeploy:GetDeployment\",\n        \"codedeploy:GetApplicationRevision\",\n        \"codedeploy:GetApplication\",\n        \"codedeploy:CreateDeployment\"\n      ],\n      \"Resource\": \"*\"\n    },\n    {\n      \"Sid\": \"AllowCodeDeployConfigs\",\n      \"Effect\": \"Allow\",\n      \"Action\": [\n        \"codedeploy:StopDeployment\",\n        \"codedeploy:ListDeployments\",\n        \"codedeploy:ListDeploymentGroups\",\n        \"codedeploy:ListDeploymentConfigs\",\n        \"codedeploy:ListApplications\",\n        \"codedeploy:GetDeploymentTarget\",\n        \"codedeploy:GetDeploymentConfig\",\n        \"codedeploy:CreateDeploymentGroup\",\n        \"codedeploy:CreateDeploymentConfig\"\n      ],\n      \"Resource\": \"*\"\n    },\n    {\n      \"Sid\": \"AllowECRActions\",\n      \"Effect\": \"Allow\",\n      \"Action\": [\n        \"ecr:UploadLayerPart\",\n        \"ecr:PutImage\",\n        \"ecr:InitiateLayerUpload\",\n        \"ecr:GetDownloadUrlForLayer\",\n        \"ecr:CompleteLayerUpload\",\n        \"ecr:BatchGetImage\",\n        \"ecr:BatchCheckLayerAvailability\"\n      ],\n      \"Resource\": \"*\"\n    },\n    {\n      \"Sid\": \"AllowECRAuthorization\",\n      \"Effect\": \"Allow\",\n      \"Action\": \"ecr:GetAuthorizationToken\",\n      \"Resource\": \"*\"\n    },\n    {\n      \"Sid\": \"AllowCECSServiceActions\",\n      \"Effect\": \"Allow\",\n      \"Action\": [\n        \"ecs:UpdateTaskSet\",\n        \"ecs:UpdateServicePrimaryTaskSet\",\n        \"ecs:UpdateService\",\n        \"ecs:UpdateCluster\",\n        \"ecs:UpdateCapacityProvider\",\n        \"ecs:StopTask\",\n        \"ecs:StartTask\",\n        \"ecs:RunTask\",\n        \"ecs:RegisterTaskDefinition\",\n        \"ecs:PutClusterCapacityProviders\",\n        \"ecs:ListTasks\",\n        \"ecs:ListServices\",\n        \"ecs:DescribeTasks\",\n        \"ecs:DescribeTaskSets\",\n        \"ecs:DescribeTaskDefinition\",\n        \"ecs:DescribeServices\",\n        \"ecs:DeregisterContainerInstance\",\n        \"ecs:DeleteTaskSet\",\n        \"ecs:CreateTaskSet\"\n      ],\n      \"Resource\": \"*\"\n    },\n    {\n      \"Sid\": \"AllowIAMPassRole\",\n      \"Effect\": \"Allow\",\n      \"Action\": \"iam:PassRole\",\n      \"Resource\": \"*\"\n    },\n    {\n      \"Sid\": \"AllowCloudWatchActions\",\n      \"Effect\": \"Allow\",\n      \"Action\": [\n        \"logs:PutLogEvents\",\n        \"logs:CreateLogStream\",\n        \"logs:CreateLogGroup\"\n      ],\n      \"Resource\": \"*\"\n    },\n    {\n      \"Sid\": \"AllowCodeStarConnections\",\n      \"Effect\": \"Allow\",\n      \"Action\": \"codestar-connections:*\",\n      \"Resource\": \"*\"\n    }\n  ]\n}",
            "override_json": null,
            "override_policy_documents": null,
            "policy_id": null,
            "source_json": null,
            "source_policy_documents": null,
            "statement": [
              {
                "actions": [
                  "s3:*"
                ],
                "condition": [],
                "effect": "Allow",
                "not_actions": [],
                "not_principals": [],
                "not_resources": [],
                "principals": [],
                "resources": [
                  "*"
                ],
                "sid": "AllowS3Actions"
              },
              {
                "actions": [
                  "codebuild:BatchGetBuildBatches",
                  "codebuild:BatchGetBuilds",
                  "codebuild:StartBuild",
                  "codebuild:StartBuildBatch",
                  "codebuild:StopBuild"
                ],
                "condition": [],
                "effect": "Allow",
                "not_actions": [],
                "not_principals": [],
                "not_resources": [],
                "principals": [],
                "resources": [
                  "*"
                ],
                "sid": "AllowCodebuildActions"
              },
              {
                "actions": [
                  "codebuild:ListBuilds"
                ],
                "condition": [],
                "effect": "Allow",
                "not_actions": [],
                "not_principals": [],
                "not_resources": [],
                "principals": [],
                "resources": [
                  "*"
                ],
                "sid": "AllowCodebuildList"
              },
              {
                "actions": [
                  "codedeploy:CreateDeployment",
                  "codedeploy:GetApplication",
                  "codedeploy:GetApplicationRevision",
                  "codedeploy:GetDeployment",
                  "codedeploy:GetDeploymentGroup",
                  "codedeploy:RegisterApplicationRevision"
                ],
                "condition": [],
                "effect": "Allow",
                "not_actions": [],
                "not_principals": [],
                "not_resources": [],
                "principals": [],
                "resources": [
                  "*"
                ],
                "sid": "AllowCodeDeployActions"
              },
              {
                "actions": [
                  "codedeploy:CreateDeploymentConfig",
                  "codedeploy:CreateDeploymentGroup",
                  "codedeploy:GetDeploymentConfig",
                  "codedeploy:GetDeploymentTarget",
                  "codedeploy:ListApplications",
                  "codedeploy:ListDeploymentConfigs",
                  "codedeploy:ListDeploymentGroups",
                  "codedeploy:ListDeployments",
                  "codedeploy:StopDeployment"
                ],
                "condition": [],
                "effect": "Allow",
                "not_actions": [],
                "not_principals": [],
                "not_resources": [],
                "principals": [],
                "resources": [
                  "*"
                ],
                "sid": "AllowCodeDeployConfigs"
              },
              {
                "actions": [
                  "ecr:BatchCheckLayerAvailability",
                  "ecr:BatchGetImage",
                  "ecr:CompleteLayerUpload",
                  "ecr:GetDownloadUrlForLayer",
                  "ecr:InitiateLayerUpload",
                  "ecr:PutImage",
                  "ecr:UploadLayerPart"
                ],
                "condition": [],
                "effect": "Allow",
                "not_actions": [],
                "not_principals": [],
                "not_resources": [],
                "principals": [],
                "resources": [
                  "*"
                ],
                "sid": "AllowECRActions"
              },
              {
                "actions": [
                  "ecr:GetAuthorizationToken"
                ],
                "condition": [],
                "effect": "Allow",
                "not_actions": [],
                "not_principals": [],
                "not_resources": [],
                "principals": [],
                "resources": [
                  "*"
                ],
                "sid": "AllowECRAuthorization"
              },
              {
                "actions": [
                  "ecs:CreateTaskSet",
                  "ecs:DeleteTaskSet",
                  "ecs:DeregisterContainerInstance",
                  "ecs:DescribeServices",
                  "ecs:DescribeTaskDefinition",
                  "ecs:DescribeTaskSets",
                  "ecs:DescribeTasks",
                  "ecs:ListServices",
                  "ecs:ListTasks",
                  "ecs:PutClusterCapacityProviders",
                  "ecs:RegisterTaskDefinition",
                  "ecs:RunTask",
                  "ecs:StartTask",
                  "ecs:StopTask",
                  "ecs:UpdateCapacityProvider",
                  "ecs:UpdateCluster",
                  "ecs:UpdateService",
                  "ecs:UpdateServicePrimaryTaskSet",
                  "ecs:UpdateTaskSet"
                ],
                "condition": [],
                "effect": "Allow",
                "not_actions": [],
                "not_principals": [],
                "not_resources": [],
                "principals": [],
                "resources": [
                  "*"
                ],
                "sid": "AllowCECSServiceActions"
              },
              {
                "actions": [
                  "iam:PassRole"
                ],
                "condition": [],
                "effect": "Allow",
                "not_actions": [],
                "not_principals": [],
                "not_resources": [],
                "principals": [],
                "resources": [
                  "*"
                ],
                "sid": "AllowIAMPassRole"
              },
              {
                "actions": [
                  "logs:CreateLogGroup",
                  "logs:CreateLogStream",
                  "logs:PutLogEvents"
                ],
                "condition": [],
                "effect": "Allow",
                "not_actions": [],
                "not_principals": [],
                "not_resources": [],
                "principals": [],
                "resources": [
                  "*"
                ],
                "sid": "AllowCloudWatchActions"
              },
              {
                "actions": [
                  "codestar-connections:*"
                ],
                "condition": [],
                "effect": "Allow",
                "not_actions": [],
                "not_principals": [],
                "not_resources": [],
                "principals": [],
                "resources": [
                  "*"
                ],
                "sid": "AllowCodeStarConnections"
              }
            ],
            "version": "2012-10-17"
          },
          "sensitive_attributes": []
        }
      ]
    },
    {
      "module": "module.codedeploy_role",
      "mode": "data",
      "type": "aws_iam_policy_document",
      "name": "role_policy_ecs_task_role",
      "provider": "provider[\"registry.terraform.io/hashicorp/aws\"]",
      "instances": [
        {
          "schema_version": 0,
          "attributes": {
            "id": "3542866187",
            "json": "{\n  \"Version\": \"2012-10-17\",\n  \"Statement\": [\n    {\n      \"Sid\": \"AllowS3Actions\",\n      \"Effect\": \"Allow\",\n      \"Action\": [\n        \"s3:ListBucket\",\n        \"s3:GetObject\"\n      ],\n      \"Resource\": \"*\"\n    },\n    {\n      \"Sid\": \"AllowIAMPassRole\",\n      \"Effect\": \"Allow\",\n      \"Action\": \"iam:PassRole\",\n      \"Resource\": \"*\"\n    },\n    {\n      \"Sid\": \"AllowDynamodbActions\",\n      \"Effect\": \"Allow\",\n      \"Action\": [\n        \"dynamodb:Scan\",\n        \"dynamodb:Query\",\n        \"dynamodb:List*\",\n        \"dynamodb:GetItem\",\n        \"dynamodb:Describe*\",\n        \"dynamodb:BatchGetItem\"\n      ],\n      \"Resource\": \"*\"\n    }\n  ]\n}",
            "override_json": null,
            "override_policy_documents": null,
            "policy_id": null,
            "source_json": null,
            "source_policy_documents": null,
            "statement": [
              {
                "actions": [
                  "s3:GetObject",
                  "s3:ListBucket"
                ],
                "condition": [],
                "effect": "Allow",
                "not_actions": [],
                "not_principals": [],
                "not_resources": [],
                "principals": [],
                "resources": [
                  "*"
                ],
                "sid": "AllowS3Actions"
              },
              {
                "actions": [
                  "iam:PassRole"
                ],
                "condition": [],
                "effect": "Allow",
                "not_actions": [],
                "not_principals": [],
                "not_resources": [],
                "principals": [],
                "resources": [
                  "*"
                ],
                "sid": "AllowIAMPassRole"
              },
              {
                "actions": [
                  "dynamodb:BatchGetItem",
                  "dynamodb:Describe*",
                  "dynamodb:GetItem",
                  "dynamodb:List*",
                  "dynamodb:Query",
                  "dynamodb:Scan"
                ],
                "condition": [],
                "effect": "Allow",
                "not_actions": [],
                "not_principals": [],
                "not_resources": [],
                "principals": [],
                "resources": [
                  "*"
                ],
                "sid": "AllowDynamodbActions"
              }
            ],
            "version": "2012-10-17"
          },
          "sensitive_attributes": []
        }
      ]
    },
    {
      "module": "module.codedeploy_role",
      "mode": "managed",
      "type": "aws_iam_role",
      "name": "codedeploy_role",
      "provider": "provider[\"registry.terraform.io/hashicorp/aws\"]",
      "instances": [
        {
          "index_key": 0,
          "schema_version": 0,
          "attributes": {
            "arn": "arn:aws:iam::533253532860:role/CodeDeploy-Role",
            "assume_role_policy": "{\"Version\":\"2012-10-17\",\"Statement\":[{\"Sid\":\"\",\"Effect\":\"Allow\",\"Principal\":{\"Service\":\"codedeploy.amazonaws.com\"},\"Action\":\"sts:AssumeRole\"}]}",
            "create_date": "2022-03-08T09:12:12Z",
            "description": "",
            "force_detach_policies": false,
            "id": "CodeDeploy-Role",
            "inline_policy": [
              {
                "name": "",
                "policy": ""
              }
            ],
            "managed_policy_arns": [
              "arn:aws:iam::aws:policy/AWSCodeDeployRoleForECS"
            ],
            "max_session_duration": 3600,
            "name": "CodeDeploy-Role",
            "name_prefix": "",
            "path": "/",
            "permissions_boundary": null,
            "tags": {},
            "tags_all": {},
            "unique_id": "AROAXYKDDFS6GN4C6DVCS"
          },
          "sensitive_attributes": [],
          "private": "bnVsbA==",
          "create_before_destroy": true
        }
      ]
    },
    {
      "module": "module.codedeploy_role",
      "mode": "managed",
      "type": "aws_iam_role_policy_attachment",
      "name": "codedeploy_attachment",
      "provider": "provider[\"registry.terraform.io/hashicorp/aws\"]",
      "instances": [
        {
          "index_key": 0,
          "schema_version": 0,
          "attributes": {
            "id": "CodeDeploy-Role-20220308091214725600000002",
            "policy_arn": "arn:aws:iam::aws:policy/AWSCodeDeployRoleForECS",
            "role": "CodeDeploy-Role"
          },
          "sensitive_attributes": [],
          "private": "bnVsbA==",
          "dependencies": [
            "module.codedeploy_role.aws_iam_role.codedeploy_role"
          ]
        }
      ]
    },
    {
      "module": "module.codepipeline",
      "mode": "managed",
      "type": "aws_codepipeline",
      "name": "aws_codepipeline",
      "provider": "provider[\"registry.terraform.io/hashicorp/aws\"]",
      "instances": [
        {
          "schema_version": 0,
          "attributes": {
            "arn": "arn:aws:codepipeline:eu-central-1:533253532860:pipeline-dev",
            "artifact_store": [
              {
                "encryption_key": [],
                "location": "codepipeline-eu-central-1-d6db",
                "region": "",
                "type": "S3"
              }
            ],
            "id": "pipeline-dev",
            "name": "pipeline-dev",
            "role_arn": "arn:aws:iam::533253532860:role/DevOps-Role",
            "stage": [
              {
                "action": [
                  {
                    "category": "Source",
                    "configuration": {
                      "BranchName": "master",
                      "ConnectionArn": "arn:aws:codestar-connections:eu-central-1:533253532860:connection/14b0eeda-d4f3-4220-8b6e-e90d70930e7c",
                      "FullRepositoryId": "tstojkovski/terraform-sls-nextjs-aws",
                      "OutputArtifactFormat": "CODEBUILD_CLONE_REF"
                    },
                    "input_artifacts": [],
                    "name": "Source",
                    "namespace": "",
                    "output_artifacts": [
                      "SourceArtifact"
                    ],
                    "owner": "AWS",
                    "provider": "CodeStarSourceConnection",
                    "region": "",
                    "role_arn": "",
                    "run_order": 1,
                    "version": "1"
                  }
                ],
                "name": "Source"
              },
              {
                "action": [
                  {
                    "category": "Build",
                    "configuration": {
                      "ProjectName": "arn:aws:codebuild:eu-central-1:533253532860:project/codebuild-dev-client"
                    },
                    "input_artifacts": [
                      "SourceArtifact"
                    ],
                    "name": "Build_client",
                    "namespace": "",
                    "output_artifacts": [
                      "BuildArtifact_client"
                    ],
                    "owner": "AWS",
                    "provider": "CodeBuild",
                    "region": "",
                    "role_arn": "",
                    "run_order": 1,
                    "version": "1"
                  }
                ],
                "name": "Build"
              },
              {
                "action": [
                  {
                    "category": "Deploy",
                    "configuration": {
                      "AppSpecTemplateArtifact": "BuildArtifact_client",
                      "AppSpecTemplatePath": "appspec.yaml",
                      "ApplicationName": "deploy-dev-client",
                      "DeploymentGroupName": "deployment-group-deploy-dev-client",
                      "TaskDefinitionTemplateArtifact": "BuildArtifact_client",
                      "TaskDefinitionTemplatePath": "taskdef.json"
                    },
                    "input_artifacts": [
                      "BuildArtifact_client"
                    ],
                    "name": "Deploy_client",
                    "namespace": "",
                    "output_artifacts": [],
                    "owner": "AWS",
                    "provider": "CodeDeployToECS",
                    "region": "",
                    "role_arn": "",
                    "run_order": 1,
                    "version": "1"
                  }
                ],
                "name": "Deploy"
              }
            ],
            "tags": {},
            "tags_all": {}
          },
          "sensitive_attributes": [],
          "private": "bnVsbA==",
          "dependencies": [
            "aws_codestarconnections_connection.pipeline",
            "data.aws_caller_identity.id_current_account",
            "module.alb_backend.aws_alb.alb",
            "module.alb_client.aws_alb.alb",
            "module.alb_client.aws_alb_listener.http_listener",
            "module.alb_client.aws_alb_listener.https_listener",
            "module.alb_client.aws_alb_target_group.target_group",
            "module.codebuild_backend.aws_codebuild_project.aws_codebuild",
            "module.codebuild_client.aws_codebuild_project.aws_codebuild",
            "module.codedeploy_client.aws_codedeploy_app.main",
            "module.codedeploy_client.aws_codedeploy_deployment_group.main",
            "module.codedeploy_role.aws_iam_role.codedeploy_role",
            "module.devops_role.aws_iam_role.devops_role",
            "module.devops_role.aws_iam_role.ecs_task_excecution_role",
            "module.ecr_client.aws_ecr_repository.ecr_repository",
            "module.ecs_cluster.aws_ecs_cluster.ecs_cluster",
            "module.ecs_role.aws_iam_role.devops_role",
            "module.ecs_role.aws_iam_role.ecs_task_excecution_role",
            "module.ecs_role.aws_iam_role.ecs_task_role",
            "module.ecs_service_client.aws_ecs_service.ecs_service",
            "module.ecs_taks_definition_client.aws_ecs_task_definition.ecs_task_definition",
            "module.networking.aws_subnet.private_subnets_client",
            "module.networking.aws_subnet.public_subnets",
            "module.networking.aws_vpc.aws_vpc",
            "module.networking.data.aws_availability_zones.az_availables",
            "module.policy_devops_role.aws_iam_policy.policy_for_ecs_task_role",
            "module.policy_devops_role.aws_iam_policy.policy_for_role",
            "module.policy_devops_role.aws_iam_role.codedeploy_role",
            "module.policy_devops_role.aws_iam_role.devops_role",
            "module.policy_devops_role.aws_iam_role.ecs_task_excecution_role",
            "module.policy_devops_role.aws_iam_role.ecs_task_role",
            "module.policy_devops_role.aws_iam_role_policy_attachment.attachment",
            "module.policy_devops_role.aws_iam_role_policy_attachment.attachment2",
            "module.policy_devops_role.aws_iam_role_policy_attachment.codedeploy_attachment",
            "module.policy_devops_role.aws_iam_role_policy_attachment.ecs_attachment",
            "module.policy_devops_role.data.aws_iam_policy_document.role_policy_devops_role",
            "module.policy_devops_role.data.aws_iam_policy_document.role_policy_ecs_task_role",
            "module.s3_codepipeline.aws_s3_bucket.s3_bucket",
            "module.security_group_alb_backend.aws_security_group.sg",
            "module.security_group_alb_client.aws_security_group.sg",
            "module.security_group_ecs_task_client.aws_security_group.sg",
            "module.sns.aws_sns_topic.sns_notifications",
            "module.target_group_client_blue.aws_alb_target_group.target_group",
            "module.target_group_client_green.aws_alb_target_group.target_group",
            "random_id.RANDOM_ID"
          ]
        }
      ]
    },
    {
      "module": "module.codepipeline_serverless",
      "mode": "managed",
      "type": "aws_codepipeline",
      "name": "aws_codepipeline_serverless",
      "provider": "provider[\"registry.terraform.io/hashicorp/aws\"]",
      "instances": [
        {
          "schema_version": 0,
          "attributes": {
            "arn": "arn:aws:codepipeline:eu-central-1:533253532860:pipeline-sls-dev",
            "artifact_store": [
              {
                "encryption_key": [],
                "location": "codepipeline-eu-central-1-d6db",
                "region": "",
                "type": "S3"
              }
            ],
            "id": "pipeline-sls-dev",
            "name": "pipeline-sls-dev",
            "role_arn": "arn:aws:iam::533253532860:role/DevOps-Role",
            "stage": [
              {
                "action": [
                  {
                    "category": "Source",
                    "configuration": {
                      "BranchName": "master",
                      "ConnectionArn": "arn:aws:codestar-connections:eu-central-1:533253532860:connection/14b0eeda-d4f3-4220-8b6e-e90d70930e7c",
                      "FullRepositoryId": "tstojkovski/terraform-sls-nextjs-aws",
                      "OutputArtifactFormat": "CODEBUILD_CLONE_REF"
                    },
                    "input_artifacts": [],
                    "name": "Source",
                    "namespace": "",
                    "output_artifacts": [
                      "SourceArtifact"
                    ],
                    "owner": "AWS",
                    "provider": "CodeStarSourceConnection",
                    "region": "",
                    "role_arn": "",
                    "run_order": 1,
                    "version": "1"
                  }
                ],
                "name": "Source"
              },
              {
                "action": [
                  {
                    "category": "Build",
                    "configuration": {
                      "EnvironmentVariables": "[{\"name\":\"STAGE\",\"type\":\"PLAINTEXT\",\"value\":\"dev\"}]",
                      "ProjectName": "arn:aws:codebuild:eu-central-1:533253532860:project/codebuild-dev-backend"
                    },
                    "input_artifacts": [
                      "SourceArtifact"
                    ],
                    "name": "Deploy_backend",
                    "namespace": "",
                    "output_artifacts": [
                      "BuildArtifact_backend"
                    ],
                    "owner": "AWS",
                    "provider": "CodeBuild",
                    "region": "",
                    "role_arn": "",
                    "run_order": 1,
                    "version": "1"
                  }
                ],
                "name": "Deploy"
              }
            ],
            "tags": {},
            "tags_all": {}
          },
          "sensitive_attributes": [],
          "private": "bnVsbA==",
          "dependencies": [
            "aws_codestarconnections_connection.pipeline",
            "data.aws_caller_identity.id_current_account",
            "module.alb_backend.aws_alb.alb",
            "module.alb_client.aws_alb.alb",
            "module.alb_client.aws_alb_listener.http_listener",
            "module.alb_client.aws_alb_listener.https_listener",
            "module.alb_client.aws_alb_target_group.target_group",
            "module.codebuild_backend.aws_codebuild_project.aws_codebuild",
            "module.codebuild_client.aws_codebuild_project.aws_codebuild",
            "module.codedeploy_client.aws_codedeploy_app.main",
            "module.codedeploy_client.aws_codedeploy_deployment_group.main",
            "module.codedeploy_role.aws_iam_role.codedeploy_role",
            "module.devops_role.aws_iam_role.devops_role",
            "module.devops_role.aws_iam_role.ecs_task_excecution_role",
            "module.ecr_client.aws_ecr_repository.ecr_repository",
            "module.ecs_cluster.aws_ecs_cluster.ecs_cluster",
            "module.ecs_role.aws_iam_role.devops_role",
            "module.ecs_role.aws_iam_role.ecs_task_excecution_role",
            "module.ecs_role.aws_iam_role.ecs_task_role",
            "module.ecs_service_client.aws_ecs_service.ecs_service",
            "module.ecs_taks_definition_client.aws_ecs_task_definition.ecs_task_definition",
            "module.networking.aws_subnet.private_subnets_client",
            "module.networking.aws_subnet.public_subnets",
            "module.networking.aws_vpc.aws_vpc",
            "module.networking.data.aws_availability_zones.az_availables",
            "module.policy_devops_role.aws_iam_policy.policy_for_ecs_task_role",
            "module.policy_devops_role.aws_iam_policy.policy_for_role",
            "module.policy_devops_role.aws_iam_role.codedeploy_role",
            "module.policy_devops_role.aws_iam_role.devops_role",
            "module.policy_devops_role.aws_iam_role.ecs_task_excecution_role",
            "module.policy_devops_role.aws_iam_role.ecs_task_role",
            "module.policy_devops_role.aws_iam_role_policy_attachment.attachment",
            "module.policy_devops_role.aws_iam_role_policy_attachment.attachment2",
            "module.policy_devops_role.aws_iam_role_policy_attachment.codedeploy_attachment",
            "module.policy_devops_role.aws_iam_role_policy_attachment.ecs_attachment",
            "module.policy_devops_role.data.aws_iam_policy_document.role_policy_devops_role",
            "module.policy_devops_role.data.aws_iam_policy_document.role_policy_ecs_task_role",
            "module.s3_codepipeline.aws_s3_bucket.s3_bucket",
            "module.security_group_alb_backend.aws_security_group.sg",
            "module.security_group_alb_client.aws_security_group.sg",
            "module.security_group_ecs_task_client.aws_security_group.sg",
            "module.sns.aws_sns_topic.sns_notifications",
            "module.target_group_client_blue.aws_alb_target_group.target_group",
            "module.target_group_client_green.aws_alb_target_group.target_group",
            "random_id.RANDOM_ID"
          ]
        }
      ]
    },
    {
      "module": "module.devops_role",
      "mode": "data",
      "type": "aws_iam_policy_document",
      "name": "role_policy_devops_role",
      "provider": "provider[\"registry.terraform.io/hashicorp/aws\"]",
      "instances": [
        {
          "schema_version": 0,
          "attributes": {
            "id": "3019431499",
            "json": "{\n  \"Version\": \"2012-10-17\",\n  \"Statement\": [\n    {\n      \"Sid\": \"AllowS3Actions\",\n      \"Effect\": \"Allow\",\n      \"Action\": \"s3:*\",\n      \"Resource\": \"*\"\n    },\n    {\n      \"Sid\": \"AllowCodebuildActions\",\n      \"Effect\": \"Allow\",\n      \"Action\": [\n        \"codebuild:StopBuild\",\n        \"codebuild:StartBuildBatch\",\n        \"codebuild:StartBuild\",\n        \"codebuild:BatchGetBuilds\",\n        \"codebuild:BatchGetBuildBatches\"\n      ],\n      \"Resource\": \"*\"\n    },\n    {\n      \"Sid\": \"AllowCodebuildList\",\n      \"Effect\": \"Allow\",\n      \"Action\": \"codebuild:ListBuilds\",\n      \"Resource\": \"*\"\n    },\n    {\n      \"Sid\": \"AllowCodeDeployActions\",\n      \"Effect\": \"Allow\",\n      \"Action\": [\n        \"codedeploy:RegisterApplicationRevision\",\n        \"codedeploy:GetDeploymentGroup\",\n        \"codedeploy:GetDeployment\",\n        \"codedeploy:GetApplicationRevision\",\n        \"codedeploy:GetApplication\",\n        \"codedeploy:CreateDeployment\"\n      ],\n      \"Resource\": \"*\"\n    },\n    {\n      \"Sid\": \"AllowCodeDeployConfigs\",\n      \"Effect\": \"Allow\",\n      \"Action\": [\n        \"codedeploy:StopDeployment\",\n        \"codedeploy:ListDeployments\",\n        \"codedeploy:ListDeploymentGroups\",\n        \"codedeploy:ListDeploymentConfigs\",\n        \"codedeploy:ListApplications\",\n        \"codedeploy:GetDeploymentTarget\",\n        \"codedeploy:GetDeploymentConfig\",\n        \"codedeploy:CreateDeploymentGroup\",\n        \"codedeploy:CreateDeploymentConfig\"\n      ],\n      \"Resource\": \"*\"\n    },\n    {\n      \"Sid\": \"AllowECRActions\",\n      \"Effect\": \"Allow\",\n      \"Action\": [\n        \"ecr:UploadLayerPart\",\n        \"ecr:PutImage\",\n        \"ecr:InitiateLayerUpload\",\n        \"ecr:GetDownloadUrlForLayer\",\n        \"ecr:CompleteLayerUpload\",\n        \"ecr:BatchGetImage\",\n        \"ecr:BatchCheckLayerAvailability\"\n      ],\n      \"Resource\": \"*\"\n    },\n    {\n      \"Sid\": \"AllowECRAuthorization\",\n      \"Effect\": \"Allow\",\n      \"Action\": \"ecr:GetAuthorizationToken\",\n      \"Resource\": \"*\"\n    },\n    {\n      \"Sid\": \"AllowCECSServiceActions\",\n      \"Effect\": \"Allow\",\n      \"Action\": [\n        \"ecs:UpdateTaskSet\",\n        \"ecs:UpdateServicePrimaryTaskSet\",\n        \"ecs:UpdateService\",\n        \"ecs:UpdateCluster\",\n        \"ecs:UpdateCapacityProvider\",\n        \"ecs:StopTask\",\n        \"ecs:StartTask\",\n        \"ecs:RunTask\",\n        \"ecs:RegisterTaskDefinition\",\n        \"ecs:PutClusterCapacityProviders\",\n        \"ecs:ListTasks\",\n        \"ecs:ListServices\",\n        \"ecs:DescribeTasks\",\n        \"ecs:DescribeTaskSets\",\n        \"ecs:DescribeTaskDefinition\",\n        \"ecs:DescribeServices\",\n        \"ecs:DeregisterContainerInstance\",\n        \"ecs:DeleteTaskSet\",\n        \"ecs:CreateTaskSet\"\n      ],\n      \"Resource\": \"*\"\n    },\n    {\n      \"Sid\": \"AllowIAMPassRole\",\n      \"Effect\": \"Allow\",\n      \"Action\": \"iam:PassRole\",\n      \"Resource\": \"*\"\n    },\n    {\n      \"Sid\": \"AllowCloudWatchActions\",\n      \"Effect\": \"Allow\",\n      \"Action\": [\n        \"logs:PutLogEvents\",\n        \"logs:CreateLogStream\",\n        \"logs:CreateLogGroup\"\n      ],\n      \"Resource\": \"*\"\n    },\n    {\n      \"Sid\": \"AllowCodeStarConnections\",\n      \"Effect\": \"Allow\",\n      \"Action\": \"codestar-connections:*\",\n      \"Resource\": \"*\"\n    }\n  ]\n}",
            "override_json": null,
            "override_policy_documents": null,
            "policy_id": null,
            "source_json": null,
            "source_policy_documents": null,
            "statement": [
              {
                "actions": [
                  "s3:*"
                ],
                "condition": [],
                "effect": "Allow",
                "not_actions": [],
                "not_principals": [],
                "not_resources": [],
                "principals": [],
                "resources": [
                  "*"
                ],
                "sid": "AllowS3Actions"
              },
              {
                "actions": [
                  "codebuild:BatchGetBuildBatches",
                  "codebuild:BatchGetBuilds",
                  "codebuild:StartBuild",
                  "codebuild:StartBuildBatch",
                  "codebuild:StopBuild"
                ],
                "condition": [],
                "effect": "Allow",
                "not_actions": [],
                "not_principals": [],
                "not_resources": [],
                "principals": [],
                "resources": [
                  "*"
                ],
                "sid": "AllowCodebuildActions"
              },
              {
                "actions": [
                  "codebuild:ListBuilds"
                ],
                "condition": [],
                "effect": "Allow",
                "not_actions": [],
                "not_principals": [],
                "not_resources": [],
                "principals": [],
                "resources": [
                  "*"
                ],
                "sid": "AllowCodebuildList"
              },
              {
                "actions": [
                  "codedeploy:CreateDeployment",
                  "codedeploy:GetApplication",
                  "codedeploy:GetApplicationRevision",
                  "codedeploy:GetDeployment",
                  "codedeploy:GetDeploymentGroup",
                  "codedeploy:RegisterApplicationRevision"
                ],
                "condition": [],
                "effect": "Allow",
                "not_actions": [],
                "not_principals": [],
                "not_resources": [],
                "principals": [],
                "resources": [
                  "*"
                ],
                "sid": "AllowCodeDeployActions"
              },
              {
                "actions": [
                  "codedeploy:CreateDeploymentConfig",
                  "codedeploy:CreateDeploymentGroup",
                  "codedeploy:GetDeploymentConfig",
                  "codedeploy:GetDeploymentTarget",
                  "codedeploy:ListApplications",
                  "codedeploy:ListDeploymentConfigs",
                  "codedeploy:ListDeploymentGroups",
                  "codedeploy:ListDeployments",
                  "codedeploy:StopDeployment"
                ],
                "condition": [],
                "effect": "Allow",
                "not_actions": [],
                "not_principals": [],
                "not_resources": [],
                "principals": [],
                "resources": [
                  "*"
                ],
                "sid": "AllowCodeDeployConfigs"
              },
              {
                "actions": [
                  "ecr:BatchCheckLayerAvailability",
                  "ecr:BatchGetImage",
                  "ecr:CompleteLayerUpload",
                  "ecr:GetDownloadUrlForLayer",
                  "ecr:InitiateLayerUpload",
                  "ecr:PutImage",
                  "ecr:UploadLayerPart"
                ],
                "condition": [],
                "effect": "Allow",
                "not_actions": [],
                "not_principals": [],
                "not_resources": [],
                "principals": [],
                "resources": [
                  "*"
                ],
                "sid": "AllowECRActions"
              },
              {
                "actions": [
                  "ecr:GetAuthorizationToken"
                ],
                "condition": [],
                "effect": "Allow",
                "not_actions": [],
                "not_principals": [],
                "not_resources": [],
                "principals": [],
                "resources": [
                  "*"
                ],
                "sid": "AllowECRAuthorization"
              },
              {
                "actions": [
                  "ecs:CreateTaskSet",
                  "ecs:DeleteTaskSet",
                  "ecs:DeregisterContainerInstance",
                  "ecs:DescribeServices",
                  "ecs:DescribeTaskDefinition",
                  "ecs:DescribeTaskSets",
                  "ecs:DescribeTasks",
                  "ecs:ListServices",
                  "ecs:ListTasks",
                  "ecs:PutClusterCapacityProviders",
                  "ecs:RegisterTaskDefinition",
                  "ecs:RunTask",
                  "ecs:StartTask",
                  "ecs:StopTask",
                  "ecs:UpdateCapacityProvider",
                  "ecs:UpdateCluster",
                  "ecs:UpdateService",
                  "ecs:UpdateServicePrimaryTaskSet",
                  "ecs:UpdateTaskSet"
                ],
                "condition": [],
                "effect": "Allow",
                "not_actions": [],
                "not_principals": [],
                "not_resources": [],
                "principals": [],
                "resources": [
                  "*"
                ],
                "sid": "AllowCECSServiceActions"
              },
              {
                "actions": [
                  "iam:PassRole"
                ],
                "condition": [],
                "effect": "Allow",
                "not_actions": [],
                "not_principals": [],
                "not_resources": [],
                "principals": [],
                "resources": [
                  "*"
                ],
                "sid": "AllowIAMPassRole"
              },
              {
                "actions": [
                  "logs:CreateLogGroup",
                  "logs:CreateLogStream",
                  "logs:PutLogEvents"
                ],
                "condition": [],
                "effect": "Allow",
                "not_actions": [],
                "not_principals": [],
                "not_resources": [],
                "principals": [],
                "resources": [
                  "*"
                ],
                "sid": "AllowCloudWatchActions"
              },
              {
                "actions": [
                  "codestar-connections:*"
                ],
                "condition": [],
                "effect": "Allow",
                "not_actions": [],
                "not_principals": [],
                "not_resources": [],
                "principals": [],
                "resources": [
                  "*"
                ],
                "sid": "AllowCodeStarConnections"
              }
            ],
            "version": "2012-10-17"
          },
          "sensitive_attributes": []
        }
      ]
    },
    {
      "module": "module.devops_role",
      "mode": "data",
      "type": "aws_iam_policy_document",
      "name": "role_policy_ecs_task_role",
      "provider": "provider[\"registry.terraform.io/hashicorp/aws\"]",
      "instances": [
        {
          "schema_version": 0,
          "attributes": {
            "id": "3542866187",
            "json": "{\n  \"Version\": \"2012-10-17\",\n  \"Statement\": [\n    {\n      \"Sid\": \"AllowS3Actions\",\n      \"Effect\": \"Allow\",\n      \"Action\": [\n        \"s3:ListBucket\",\n        \"s3:GetObject\"\n      ],\n      \"Resource\": \"*\"\n    },\n    {\n      \"Sid\": \"AllowIAMPassRole\",\n      \"Effect\": \"Allow\",\n      \"Action\": \"iam:PassRole\",\n      \"Resource\": \"*\"\n    },\n    {\n      \"Sid\": \"AllowDynamodbActions\",\n      \"Effect\": \"Allow\",\n      \"Action\": [\n        \"dynamodb:Scan\",\n        \"dynamodb:Query\",\n        \"dynamodb:List*\",\n        \"dynamodb:GetItem\",\n        \"dynamodb:Describe*\",\n        \"dynamodb:BatchGetItem\"\n      ],\n      \"Resource\": \"*\"\n    }\n  ]\n}",
            "override_json": null,
            "override_policy_documents": null,
            "policy_id": null,
            "source_json": null,
            "source_policy_documents": null,
            "statement": [
              {
                "actions": [
                  "s3:GetObject",
                  "s3:ListBucket"
                ],
                "condition": [],
                "effect": "Allow",
                "not_actions": [],
                "not_principals": [],
                "not_resources": [],
                "principals": [],
                "resources": [
                  "*"
                ],
                "sid": "AllowS3Actions"
              },
              {
                "actions": [
                  "iam:PassRole"
                ],
                "condition": [],
                "effect": "Allow",
                "not_actions": [],
                "not_principals": [],
                "not_resources": [],
                "principals": [],
                "resources": [
                  "*"
                ],
                "sid": "AllowIAMPassRole"
              },
              {
                "actions": [
                  "dynamodb:BatchGetItem",
                  "dynamodb:Describe*",
                  "dynamodb:GetItem",
                  "dynamodb:List*",
                  "dynamodb:Query",
                  "dynamodb:Scan"
                ],
                "condition": [],
                "effect": "Allow",
                "not_actions": [],
                "not_principals": [],
                "not_resources": [],
                "principals": [],
                "resources": [
                  "*"
                ],
                "sid": "AllowDynamodbActions"
              }
            ],
            "version": "2012-10-17"
          },
          "sensitive_attributes": []
        }
      ]
    },
    {
      "module": "module.devops_role",
      "mode": "managed",
      "type": "aws_iam_role",
      "name": "devops_role",
      "provider": "provider[\"registry.terraform.io/hashicorp/aws\"]",
      "instances": [
        {
          "index_key": 0,
          "schema_version": 0,
          "attributes": {
            "arn": "arn:aws:iam::533253532860:role/DevOps-Role",
            "assume_role_policy": "{\"Version\":\"2012-10-17\",\"Statement\":[{\"Effect\":\"Allow\",\"Principal\":{\"Service\":[\"codebuild.amazonaws.com\",\"codedeploy.amazonaws.com\",\"codepipeline.amazonaws.com\"]},\"Action\":\"sts:AssumeRole\"}]}",
            "create_date": "2022-03-08T09:12:10Z",
            "description": "",
            "force_detach_policies": false,
            "id": "DevOps-Role",
            "inline_policy": [
              {
                "name": "",
                "policy": ""
              }
            ],
            "managed_policy_arns": [
              "arn:aws:iam::533253532860:policy/Policy-devops-dev"
            ],
            "max_session_duration": 3600,
            "name": "DevOps-Role",
            "name_prefix": "",
            "path": "/",
            "permissions_boundary": null,
            "tags": {
              "Name": "DevOps-Role"
            },
            "tags_all": {
              "Name": "DevOps-Role"
            },
            "unique_id": "AROAXYKDDFS6AC4QIL6TW"
          },
          "sensitive_attributes": [],
          "private": "bnVsbA==",
          "create_before_destroy": true
        }
      ]
    },
    {
      "module": "module.dynamodb_table",
      "mode": "managed",
      "type": "aws_dynamodb_table",
      "name": "dynamodb_table",
      "provider": "provider[\"registry.terraform.io/hashicorp/aws\"]",
      "instances": [
        {
          "schema_version": 1,
          "attributes": {
            "arn": "arn:aws:dynamodb:eu-central-1:533253532860:table/assets-table-dev",
            "attribute": [
              {
                "name": "id",
                "type": "N"
              }
            ],
            "billing_mode": "PAY_PER_REQUEST",
            "global_secondary_index": [],
            "hash_key": "id",
            "id": "assets-table-dev",
            "local_secondary_index": [],
            "name": "assets-table-dev",
            "point_in_time_recovery": [
              {
                "enabled": false
              }
            ],
            "range_key": null,
            "read_capacity": 0,
            "replica": [],
            "restore_date_time": null,
            "restore_source_name": null,
            "restore_to_latest_time": null,
            "server_side_encryption": [],
            "stream_arn": "",
            "stream_enabled": false,
            "stream_label": "",
            "stream_view_type": "",
            "table_class": "",
            "tags": {},
            "tags_all": {},
            "timeouts": null,
            "ttl": [
              {
                "attribute_name": "",
                "enabled": false
              }
            ],
            "write_capacity": 0
          },
          "sensitive_attributes": [],
          "private": "eyJlMmJmYjczMC1lY2FhLTExZTYtOGY4OC0zNDM2M2JjN2M0YzAiOnsiY3JlYXRlIjoxODAwMDAwMDAwMDAwLCJkZWxldGUiOjYwMDAwMDAwMDAwMCwidXBkYXRlIjozNjAwMDAwMDAwMDAwfSwic2NoZW1hX3ZlcnNpb24iOiIxIn0=",
          "create_before_destroy": true
        }
      ]
    },
    {
      "module": "module.ecr_client",
      "mode": "managed",
      "type": "aws_ecr_repository",
      "name": "ecr_repository",
      "provider": "provider[\"registry.terraform.io/hashicorp/aws\"]",
      "instances": [
        {
          "schema_version": 0,
          "attributes": {
            "arn": "arn:aws:ecr:eu-central-1:533253532860:repository/repo-client",
            "encryption_configuration": [
              {
                "encryption_type": "AES256",
                "kms_key": ""
              }
            ],
            "id": "repo-client",
            "image_scanning_configuration": [
              {
                "scan_on_push": false
              }
            ],
            "image_tag_mutability": "MUTABLE",
            "name": "repo-client",
            "registry_id": "533253532860",
            "repository_url": "533253532860.dkr.ecr.eu-central-1.amazonaws.com/repo-client",
            "tags": {},
            "tags_all": {},
            "timeouts": null
          },
          "sensitive_attributes": [],
          "private": "eyJlMmJmYjczMC1lY2FhLTExZTYtOGY4OC0zNDM2M2JjN2M0YzAiOnsiZGVsZXRlIjoxMjAwMDAwMDAwMDAwfX0=",
          "create_before_destroy": true
        }
      ]
    },
    {
      "module": "module.ecs_autoscaling_client",
      "mode": "managed",
      "type": "aws_appautoscaling_policy",
      "name": "cpu",
      "provider": "provider[\"registry.terraform.io/hashicorp/aws\"]",
      "instances": [
        {
          "schema_version": 0,
          "attributes": {
            "arn": "arn:aws:autoscaling:eu-central-1:533253532860:scalingPolicy:c080bc42-c13c-4ab1-8862-961fbe54f727:resource/ecs/service/Cluster-dev/Service-dev-client:policyName/ecs_scale_cpu_service_dev-client",
            "id": "ecs_scale_cpu_service_dev-client",
            "name": "ecs_scale_cpu_service_dev-client",
            "policy_type": "TargetTrackingScaling",
            "resource_id": "service/Cluster-dev/Service-dev-client",
            "scalable_dimension": "ecs:service:DesiredCount",
            "service_namespace": "ecs",
            "step_scaling_policy_configuration": [],
            "target_tracking_scaling_policy_configuration": [
              {
                "customized_metric_specification": [],
                "disable_scale_in": false,
                "predefined_metric_specification": [
                  {
                    "predefined_metric_type": "ECSServiceAverageCPUUtilization",
                    "resource_label": ""
                  }
                ],
                "scale_in_cooldown": 60,
                "scale_out_cooldown": 60,
                "target_value": 50
              }
            ]
          },
          "sensitive_attributes": [],
          "private": "bnVsbA==",
          "dependencies": [
            "module.alb_client.aws_alb.alb",
            "module.alb_client.aws_alb_listener.http_listener",
            "module.alb_client.aws_alb_listener.https_listener",
            "module.alb_client.aws_alb_target_group.target_group",
            "module.ecr_client.aws_ecr_repository.ecr_repository",
            "module.ecs_autoscaling_client.aws_appautoscaling_target.ecs_target",
            "module.ecs_cluster.aws_ecs_cluster.ecs_cluster",
            "module.ecs_role.aws_iam_role.devops_role",
            "module.ecs_role.aws_iam_role.ecs_task_excecution_role",
            "module.ecs_role.aws_iam_role.ecs_task_role",
            "module.ecs_service_client.aws_ecs_service.ecs_service",
            "module.ecs_taks_definition_client.aws_ecs_task_definition.ecs_task_definition",
            "module.networking.aws_subnet.private_subnets_client",
            "module.networking.aws_subnet.public_subnets",
            "module.networking.aws_vpc.aws_vpc",
            "module.networking.data.aws_availability_zones.az_availables",
            "module.security_group_alb_client.aws_security_group.sg",
            "module.security_group_ecs_task_client.aws_security_group.sg",
            "module.target_group_client_blue.aws_alb_target_group.target_group"
          ]
        }
      ]
    },
    {
      "module": "module.ecs_autoscaling_client",
      "mode": "managed",
      "type": "aws_appautoscaling_policy",
      "name": "memory",
      "provider": "provider[\"registry.terraform.io/hashicorp/aws\"]",
      "instances": [
        {
          "schema_version": 0,
          "attributes": {
            "arn": "arn:aws:autoscaling:eu-central-1:533253532860:scalingPolicy:c080bc42-c13c-4ab1-8862-961fbe54f727:resource/ecs/service/Cluster-dev/Service-dev-client:policyName/ecs_scale_memory_service_dev-client",
            "id": "ecs_scale_memory_service_dev-client",
            "name": "ecs_scale_memory_service_dev-client",
            "policy_type": "TargetTrackingScaling",
            "resource_id": "service/Cluster-dev/Service-dev-client",
            "scalable_dimension": "ecs:service:DesiredCount",
            "service_namespace": "ecs",
            "step_scaling_policy_configuration": [],
            "target_tracking_scaling_policy_configuration": [
              {
                "customized_metric_specification": [],
                "disable_scale_in": false,
                "predefined_metric_specification": [
                  {
                    "predefined_metric_type": "ECSServiceAverageMemoryUtilization",
                    "resource_label": ""
                  }
                ],
                "scale_in_cooldown": 60,
                "scale_out_cooldown": 60,
                "target_value": 50
              }
            ]
          },
          "sensitive_attributes": [],
          "private": "bnVsbA==",
          "dependencies": [
            "module.alb_client.aws_alb.alb",
            "module.alb_client.aws_alb_listener.http_listener",
            "module.alb_client.aws_alb_listener.https_listener",
            "module.alb_client.aws_alb_target_group.target_group",
            "module.ecr_client.aws_ecr_repository.ecr_repository",
            "module.ecs_autoscaling_client.aws_appautoscaling_target.ecs_target",
            "module.ecs_cluster.aws_ecs_cluster.ecs_cluster",
            "module.ecs_role.aws_iam_role.devops_role",
            "module.ecs_role.aws_iam_role.ecs_task_excecution_role",
            "module.ecs_role.aws_iam_role.ecs_task_role",
            "module.ecs_service_client.aws_ecs_service.ecs_service",
            "module.ecs_taks_definition_client.aws_ecs_task_definition.ecs_task_definition",
            "module.networking.aws_subnet.private_subnets_client",
            "module.networking.aws_subnet.public_subnets",
            "module.networking.aws_vpc.aws_vpc",
            "module.networking.data.aws_availability_zones.az_availables",
            "module.security_group_alb_client.aws_security_group.sg",
            "module.security_group_ecs_task_client.aws_security_group.sg",
            "module.target_group_client_blue.aws_alb_target_group.target_group"
          ]
        }
      ]
    },
    {
      "module": "module.ecs_autoscaling_client",
      "mode": "managed",
      "type": "aws_appautoscaling_target",
      "name": "ecs_target",
      "provider": "provider[\"registry.terraform.io/hashicorp/aws\"]",
      "instances": [
        {
          "schema_version": 0,
          "attributes": {
            "id": "service/Cluster-dev/Service-dev-client",
            "max_capacity": 4,
            "min_capacity": 1,
            "resource_id": "service/Cluster-dev/Service-dev-client",
            "role_arn": "arn:aws:iam::533253532860:role/aws-service-role/ecs.application-autoscaling.amazonaws.com/AWSServiceRoleForApplicationAutoScaling_ECSService",
            "scalable_dimension": "ecs:service:DesiredCount",
            "service_namespace": "ecs"
          },
          "sensitive_attributes": [],
          "private": "bnVsbA==",
          "dependencies": [
            "module.alb_client.aws_alb.alb",
            "module.alb_client.aws_alb_listener.http_listener",
            "module.alb_client.aws_alb_listener.https_listener",
            "module.alb_client.aws_alb_target_group.target_group",
            "module.ecr_client.aws_ecr_repository.ecr_repository",
            "module.ecs_cluster.aws_ecs_cluster.ecs_cluster",
            "module.ecs_role.aws_iam_role.devops_role",
            "module.ecs_role.aws_iam_role.ecs_task_excecution_role",
            "module.ecs_role.aws_iam_role.ecs_task_role",
            "module.ecs_service_client.aws_ecs_service.ecs_service",
            "module.ecs_taks_definition_client.aws_ecs_task_definition.ecs_task_definition",
            "module.networking.aws_subnet.private_subnets_client",
            "module.networking.aws_subnet.public_subnets",
            "module.networking.aws_vpc.aws_vpc",
            "module.networking.data.aws_availability_zones.az_availables",
            "module.security_group_alb_client.aws_security_group.sg",
            "module.security_group_ecs_task_client.aws_security_group.sg",
            "module.target_group_client_blue.aws_alb_target_group.target_group"
          ]
        }
      ]
    },
    {
      "module": "module.ecs_autoscaling_client",
      "mode": "managed",
      "type": "aws_cloudwatch_metric_alarm",
      "name": "high-cpu-policy-alarm",
      "provider": "provider[\"registry.terraform.io/hashicorp/aws\"]",
      "instances": [
        {
          "schema_version": 1,
          "attributes": {
            "actions_enabled": true,
            "alarm_actions": [],
            "alarm_description": "High CPUPolicy Landing Page for ecs service-dev-client",
            "alarm_name": "high-cpu-ecs-service-dev-client",
            "arn": "arn:aws:cloudwatch:eu-central-1:533253532860:alarm:high-cpu-ecs-service-dev-client",
            "comparison_operator": "GreaterThanOrEqualToThreshold",
            "datapoints_to_alarm": 0,
            "dimensions": {
              "ClusterName": "Cluster-dev",
              "ServiceName": "Service-dev-client"
            },
            "evaluate_low_sample_count_percentiles": "",
            "evaluation_periods": 2,
            "extended_statistic": "",
            "id": "high-cpu-ecs-service-dev-client",
            "insufficient_data_actions": [],
            "metric_name": "CPUUtilization",
            "metric_query": [],
            "namespace": "AWS/ECS",
            "ok_actions": [],
            "period": 60,
            "statistic": "Maximum",
            "tags": {},
            "tags_all": {},
            "threshold": 50,
            "threshold_metric_id": "",
            "treat_missing_data": "missing",
            "unit": ""
          },
          "sensitive_attributes": [],
          "private": "eyJzY2hlbWFfdmVyc2lvbiI6IjEifQ==",
          "dependencies": [
            "module.alb_client.aws_alb.alb",
            "module.alb_client.aws_alb_listener.http_listener",
            "module.alb_client.aws_alb_listener.https_listener",
            "module.alb_client.aws_alb_target_group.target_group",
            "module.ecr_client.aws_ecr_repository.ecr_repository",
            "module.ecs_cluster.aws_ecs_cluster.ecs_cluster",
            "module.ecs_role.aws_iam_role.devops_role",
            "module.ecs_role.aws_iam_role.ecs_task_excecution_role",
            "module.ecs_role.aws_iam_role.ecs_task_role",
            "module.ecs_service_client.aws_ecs_service.ecs_service",
            "module.ecs_taks_definition_client.aws_ecs_task_definition.ecs_task_definition",
            "module.networking.aws_subnet.private_subnets_client",
            "module.networking.aws_subnet.public_subnets",
            "module.networking.aws_vpc.aws_vpc",
            "module.networking.data.aws_availability_zones.az_availables",
            "module.security_group_alb_client.aws_security_group.sg",
            "module.security_group_ecs_task_client.aws_security_group.sg",
            "module.target_group_client_blue.aws_alb_target_group.target_group"
          ]
        }
      ]
    },
    {
      "module": "module.ecs_autoscaling_client",
      "mode": "managed",
      "type": "aws_cloudwatch_metric_alarm",
      "name": "high-memory-policy-alarm",
      "provider": "provider[\"registry.terraform.io/hashicorp/aws\"]",
      "instances": [
        {
          "schema_version": 1,
          "attributes": {
            "actions_enabled": true,
            "alarm_actions": [],
            "alarm_description": "High Memory for ecs service-dev-client",
            "alarm_name": "high-memory-ecs-service-dev-client",
            "arn": "arn:aws:cloudwatch:eu-central-1:533253532860:alarm:high-memory-ecs-service-dev-client",
            "comparison_operator": "GreaterThanOrEqualToThreshold",
            "datapoints_to_alarm": 0,
            "dimensions": {
              "ClusterName": "Cluster-dev",
              "ServiceName": "Service-dev-client"
            },
            "evaluate_low_sample_count_percentiles": "",
            "evaluation_periods": 2,
            "extended_statistic": "",
            "id": "high-memory-ecs-service-dev-client",
            "insufficient_data_actions": [],
            "metric_name": "MemoryUtilization",
            "metric_query": [],
            "namespace": "AWS/ECS",
            "ok_actions": [],
            "period": 60,
            "statistic": "Maximum",
            "tags": {},
            "tags_all": {},
            "threshold": 50,
            "threshold_metric_id": "",
            "treat_missing_data": "missing",
            "unit": ""
          },
          "sensitive_attributes": [],
          "private": "eyJzY2hlbWFfdmVyc2lvbiI6IjEifQ==",
          "dependencies": [
            "module.alb_client.aws_alb.alb",
            "module.alb_client.aws_alb_listener.http_listener",
            "module.alb_client.aws_alb_listener.https_listener",
            "module.alb_client.aws_alb_target_group.target_group",
            "module.ecr_client.aws_ecr_repository.ecr_repository",
            "module.ecs_cluster.aws_ecs_cluster.ecs_cluster",
            "module.ecs_role.aws_iam_role.devops_role",
            "module.ecs_role.aws_iam_role.ecs_task_excecution_role",
            "module.ecs_role.aws_iam_role.ecs_task_role",
            "module.ecs_service_client.aws_ecs_service.ecs_service",
            "module.ecs_taks_definition_client.aws_ecs_task_definition.ecs_task_definition",
            "module.networking.aws_subnet.private_subnets_client",
            "module.networking.aws_subnet.public_subnets",
            "module.networking.aws_vpc.aws_vpc",
            "module.networking.data.aws_availability_zones.az_availables",
            "module.security_group_alb_client.aws_security_group.sg",
            "module.security_group_ecs_task_client.aws_security_group.sg",
            "module.target_group_client_blue.aws_alb_target_group.target_group"
          ]
        }
      ]
    },
    {
      "module": "module.ecs_cluster",
      "mode": "managed",
      "type": "aws_ecs_cluster",
      "name": "ecs_cluster",
      "provider": "provider[\"registry.terraform.io/hashicorp/aws\"]",
      "instances": [
        {
          "schema_version": 0,
          "attributes": {
            "arn": "arn:aws:ecs:eu-central-1:533253532860:cluster/Cluster-dev",
            "capacity_providers": [],
            "configuration": [],
            "default_capacity_provider_strategy": [],
            "id": "arn:aws:ecs:eu-central-1:533253532860:cluster/Cluster-dev",
            "name": "Cluster-dev",
            "setting": [
              {
                "name": "containerInsights",
                "value": "disabled"
              }
            ],
            "tags": {},
            "tags_all": {}
          },
          "sensitive_attributes": [],
          "private": "bnVsbA==",
          "create_before_destroy": true
        }
      ]
    },
    {
      "module": "module.ecs_role",
      "mode": "data",
      "type": "aws_iam_policy_document",
      "name": "role_policy_devops_role",
      "provider": "provider[\"registry.terraform.io/hashicorp/aws\"]",
      "instances": [
        {
          "schema_version": 0,
          "attributes": {
            "id": "3019431499",
            "json": "{\n  \"Version\": \"2012-10-17\",\n  \"Statement\": [\n    {\n      \"Sid\": \"AllowS3Actions\",\n      \"Effect\": \"Allow\",\n      \"Action\": \"s3:*\",\n      \"Resource\": \"*\"\n    },\n    {\n      \"Sid\": \"AllowCodebuildActions\",\n      \"Effect\": \"Allow\",\n      \"Action\": [\n        \"codebuild:StopBuild\",\n        \"codebuild:StartBuildBatch\",\n        \"codebuild:StartBuild\",\n        \"codebuild:BatchGetBuilds\",\n        \"codebuild:BatchGetBuildBatches\"\n      ],\n      \"Resource\": \"*\"\n    },\n    {\n      \"Sid\": \"AllowCodebuildList\",\n      \"Effect\": \"Allow\",\n      \"Action\": \"codebuild:ListBuilds\",\n      \"Resource\": \"*\"\n    },\n    {\n      \"Sid\": \"AllowCodeDeployActions\",\n      \"Effect\": \"Allow\",\n      \"Action\": [\n        \"codedeploy:RegisterApplicationRevision\",\n        \"codedeploy:GetDeploymentGroup\",\n        \"codedeploy:GetDeployment\",\n        \"codedeploy:GetApplicationRevision\",\n        \"codedeploy:GetApplication\",\n        \"codedeploy:CreateDeployment\"\n      ],\n      \"Resource\": \"*\"\n    },\n    {\n      \"Sid\": \"AllowCodeDeployConfigs\",\n      \"Effect\": \"Allow\",\n      \"Action\": [\n        \"codedeploy:StopDeployment\",\n        \"codedeploy:ListDeployments\",\n        \"codedeploy:ListDeploymentGroups\",\n        \"codedeploy:ListDeploymentConfigs\",\n        \"codedeploy:ListApplications\",\n        \"codedeploy:GetDeploymentTarget\",\n        \"codedeploy:GetDeploymentConfig\",\n        \"codedeploy:CreateDeploymentGroup\",\n        \"codedeploy:CreateDeploymentConfig\"\n      ],\n      \"Resource\": \"*\"\n    },\n    {\n      \"Sid\": \"AllowECRActions\",\n      \"Effect\": \"Allow\",\n      \"Action\": [\n        \"ecr:UploadLayerPart\",\n        \"ecr:PutImage\",\n        \"ecr:InitiateLayerUpload\",\n        \"ecr:GetDownloadUrlForLayer\",\n        \"ecr:CompleteLayerUpload\",\n        \"ecr:BatchGetImage\",\n        \"ecr:BatchCheckLayerAvailability\"\n      ],\n      \"Resource\": \"*\"\n    },\n    {\n      \"Sid\": \"AllowECRAuthorization\",\n      \"Effect\": \"Allow\",\n      \"Action\": \"ecr:GetAuthorizationToken\",\n      \"Resource\": \"*\"\n    },\n    {\n      \"Sid\": \"AllowCECSServiceActions\",\n      \"Effect\": \"Allow\",\n      \"Action\": [\n        \"ecs:UpdateTaskSet\",\n        \"ecs:UpdateServicePrimaryTaskSet\",\n        \"ecs:UpdateService\",\n        \"ecs:UpdateCluster\",\n        \"ecs:UpdateCapacityProvider\",\n        \"ecs:StopTask\",\n        \"ecs:StartTask\",\n        \"ecs:RunTask\",\n        \"ecs:RegisterTaskDefinition\",\n        \"ecs:PutClusterCapacityProviders\",\n        \"ecs:ListTasks\",\n        \"ecs:ListServices\",\n        \"ecs:DescribeTasks\",\n        \"ecs:DescribeTaskSets\",\n        \"ecs:DescribeTaskDefinition\",\n        \"ecs:DescribeServices\",\n        \"ecs:DeregisterContainerInstance\",\n        \"ecs:DeleteTaskSet\",\n        \"ecs:CreateTaskSet\"\n      ],\n      \"Resource\": \"*\"\n    },\n    {\n      \"Sid\": \"AllowIAMPassRole\",\n      \"Effect\": \"Allow\",\n      \"Action\": \"iam:PassRole\",\n      \"Resource\": \"*\"\n    },\n    {\n      \"Sid\": \"AllowCloudWatchActions\",\n      \"Effect\": \"Allow\",\n      \"Action\": [\n        \"logs:PutLogEvents\",\n        \"logs:CreateLogStream\",\n        \"logs:CreateLogGroup\"\n      ],\n      \"Resource\": \"*\"\n    },\n    {\n      \"Sid\": \"AllowCodeStarConnections\",\n      \"Effect\": \"Allow\",\n      \"Action\": \"codestar-connections:*\",\n      \"Resource\": \"*\"\n    }\n  ]\n}",
            "override_json": null,
            "override_policy_documents": null,
            "policy_id": null,
            "source_json": null,
            "source_policy_documents": null,
            "statement": [
              {
                "actions": [
                  "s3:*"
                ],
                "condition": [],
                "effect": "Allow",
                "not_actions": [],
                "not_principals": [],
                "not_resources": [],
                "principals": [],
                "resources": [
                  "*"
                ],
                "sid": "AllowS3Actions"
              },
              {
                "actions": [
                  "codebuild:BatchGetBuildBatches",
                  "codebuild:BatchGetBuilds",
                  "codebuild:StartBuild",
                  "codebuild:StartBuildBatch",
                  "codebuild:StopBuild"
                ],
                "condition": [],
                "effect": "Allow",
                "not_actions": [],
                "not_principals": [],
                "not_resources": [],
                "principals": [],
                "resources": [
                  "*"
                ],
                "sid": "AllowCodebuildActions"
              },
              {
                "actions": [
                  "codebuild:ListBuilds"
                ],
                "condition": [],
                "effect": "Allow",
                "not_actions": [],
                "not_principals": [],
                "not_resources": [],
                "principals": [],
                "resources": [
                  "*"
                ],
                "sid": "AllowCodebuildList"
              },
              {
                "actions": [
                  "codedeploy:CreateDeployment",
                  "codedeploy:GetApplication",
                  "codedeploy:GetApplicationRevision",
                  "codedeploy:GetDeployment",
                  "codedeploy:GetDeploymentGroup",
                  "codedeploy:RegisterApplicationRevision"
                ],
                "condition": [],
                "effect": "Allow",
                "not_actions": [],
                "not_principals": [],
                "not_resources": [],
                "principals": [],
                "resources": [
                  "*"
                ],
                "sid": "AllowCodeDeployActions"
              },
              {
                "actions": [
                  "codedeploy:CreateDeploymentConfig",
                  "codedeploy:CreateDeploymentGroup",
                  "codedeploy:GetDeploymentConfig",
                  "codedeploy:GetDeploymentTarget",
                  "codedeploy:ListApplications",
                  "codedeploy:ListDeploymentConfigs",
                  "codedeploy:ListDeploymentGroups",
                  "codedeploy:ListDeployments",
                  "codedeploy:StopDeployment"
                ],
                "condition": [],
                "effect": "Allow",
                "not_actions": [],
                "not_principals": [],
                "not_resources": [],
                "principals": [],
                "resources": [
                  "*"
                ],
                "sid": "AllowCodeDeployConfigs"
              },
              {
                "actions": [
                  "ecr:BatchCheckLayerAvailability",
                  "ecr:BatchGetImage",
                  "ecr:CompleteLayerUpload",
                  "ecr:GetDownloadUrlForLayer",
                  "ecr:InitiateLayerUpload",
                  "ecr:PutImage",
                  "ecr:UploadLayerPart"
                ],
                "condition": [],
                "effect": "Allow",
                "not_actions": [],
                "not_principals": [],
                "not_resources": [],
                "principals": [],
                "resources": [
                  "*"
                ],
                "sid": "AllowECRActions"
              },
              {
                "actions": [
                  "ecr:GetAuthorizationToken"
                ],
                "condition": [],
                "effect": "Allow",
                "not_actions": [],
                "not_principals": [],
                "not_resources": [],
                "principals": [],
                "resources": [
                  "*"
                ],
                "sid": "AllowECRAuthorization"
              },
              {
                "actions": [
                  "ecs:CreateTaskSet",
                  "ecs:DeleteTaskSet",
                  "ecs:DeregisterContainerInstance",
                  "ecs:DescribeServices",
                  "ecs:DescribeTaskDefinition",
                  "ecs:DescribeTaskSets",
                  "ecs:DescribeTasks",
                  "ecs:ListServices",
                  "ecs:ListTasks",
                  "ecs:PutClusterCapacityProviders",
                  "ecs:RegisterTaskDefinition",
                  "ecs:RunTask",
                  "ecs:StartTask",
                  "ecs:StopTask",
                  "ecs:UpdateCapacityProvider",
                  "ecs:UpdateCluster",
                  "ecs:UpdateService",
                  "ecs:UpdateServicePrimaryTaskSet",
                  "ecs:UpdateTaskSet"
                ],
                "condition": [],
                "effect": "Allow",
                "not_actions": [],
                "not_principals": [],
                "not_resources": [],
                "principals": [],
                "resources": [
                  "*"
                ],
                "sid": "AllowCECSServiceActions"
              },
              {
                "actions": [
                  "iam:PassRole"
                ],
                "condition": [],
                "effect": "Allow",
                "not_actions": [],
                "not_principals": [],
                "not_resources": [],
                "principals": [],
                "resources": [
                  "*"
                ],
                "sid": "AllowIAMPassRole"
              },
              {
                "actions": [
                  "logs:CreateLogGroup",
                  "logs:CreateLogStream",
                  "logs:PutLogEvents"
                ],
                "condition": [],
                "effect": "Allow",
                "not_actions": [],
                "not_principals": [],
                "not_resources": [],
                "principals": [],
                "resources": [
                  "*"
                ],
                "sid": "AllowCloudWatchActions"
              },
              {
                "actions": [
                  "codestar-connections:*"
                ],
                "condition": [],
                "effect": "Allow",
                "not_actions": [],
                "not_principals": [],
                "not_resources": [],
                "principals": [],
                "resources": [
                  "*"
                ],
                "sid": "AllowCodeStarConnections"
              }
            ],
            "version": "2012-10-17"
          },
          "sensitive_attributes": []
        }
      ]
    },
    {
      "module": "module.ecs_role",
      "mode": "data",
      "type": "aws_iam_policy_document",
      "name": "role_policy_ecs_task_role",
      "provider": "provider[\"registry.terraform.io/hashicorp/aws\"]",
      "instances": [
        {
          "schema_version": 0,
          "attributes": {
            "id": "496601785",
            "json": "{\n  \"Version\": \"2012-10-17\",\n  \"Statement\": [\n    {\n      \"Sid\": \"AllowS3Actions\",\n      \"Effect\": \"Allow\",\n      \"Action\": [\n        \"s3:ListBucket\",\n        \"s3:GetObject\"\n      ],\n      \"Resource\": \"*\"\n    },\n    {\n      \"Sid\": \"AllowIAMPassRole\",\n      \"Effect\": \"Allow\",\n      \"Action\": \"iam:PassRole\",\n      \"Resource\": \"*\"\n    },\n    {\n      \"Sid\": \"AllowDynamodbActions\",\n      \"Effect\": \"Allow\",\n      \"Action\": [\n        \"dynamodb:Scan\",\n        \"dynamodb:Query\",\n        \"dynamodb:List*\",\n        \"dynamodb:GetItem\",\n        \"dynamodb:Describe*\",\n        \"dynamodb:BatchGetItem\"\n      ],\n      \"Resource\": \"arn:aws:dynamodb:eu-central-1:533253532860:table/assets-table-dev\"\n    }\n  ]\n}",
            "override_json": null,
            "override_policy_documents": null,
            "policy_id": null,
            "source_json": null,
            "source_policy_documents": null,
            "statement": [
              {
                "actions": [
                  "s3:GetObject",
                  "s3:ListBucket"
                ],
                "condition": [],
                "effect": "Allow",
                "not_actions": [],
                "not_principals": [],
                "not_resources": [],
                "principals": [],
                "resources": [
                  "*"
                ],
                "sid": "AllowS3Actions"
              },
              {
                "actions": [
                  "iam:PassRole"
                ],
                "condition": [],
                "effect": "Allow",
                "not_actions": [],
                "not_principals": [],
                "not_resources": [],
                "principals": [],
                "resources": [
                  "*"
                ],
                "sid": "AllowIAMPassRole"
              },
              {
                "actions": [
                  "dynamodb:BatchGetItem",
                  "dynamodb:Describe*",
                  "dynamodb:GetItem",
                  "dynamodb:List*",
                  "dynamodb:Query",
                  "dynamodb:Scan"
                ],
                "condition": [],
                "effect": "Allow",
                "not_actions": [],
                "not_principals": [],
                "not_resources": [],
                "principals": [],
                "resources": [
                  "arn:aws:dynamodb:eu-central-1:533253532860:table/assets-table-dev"
                ],
                "sid": "AllowDynamodbActions"
              }
            ],
            "version": "2012-10-17"
          },
          "sensitive_attributes": []
        }
      ]
    },
    {
      "module": "module.ecs_role",
      "mode": "managed",
      "type": "aws_iam_policy",
      "name": "policy_for_ecs_task_role",
      "provider": "provider[\"registry.terraform.io/hashicorp/aws\"]",
      "instances": [
        {
          "index_key": 0,
          "schema_version": 0,
          "attributes": {
            "arn": "arn:aws:iam::533253532860:policy/Policy-ECS-task-Role",
            "description": "IAM Policy for Role ECS-task-Role",
            "id": "arn:aws:iam::533253532860:policy/Policy-ECS-task-Role",
            "name": "Policy-ECS-task-Role",
            "name_prefix": null,
            "path": "/",
            "policy": "{\"Statement\":[{\"Action\":[\"s3:ListBucket\",\"s3:GetObject\"],\"Effect\":\"Allow\",\"Resource\":\"*\",\"Sid\":\"AllowS3Actions\"},{\"Action\":\"iam:PassRole\",\"Effect\":\"Allow\",\"Resource\":\"*\",\"Sid\":\"AllowIAMPassRole\"},{\"Action\":[\"dynamodb:Scan\",\"dynamodb:Query\",\"dynamodb:List*\",\"dynamodb:GetItem\",\"dynamodb:Describe*\",\"dynamodb:BatchGetItem\"],\"Effect\":\"Allow\",\"Resource\":\"arn:aws:dynamodb:eu-central-1:533253532860:table/assets-table-dev\",\"Sid\":\"AllowDynamodbActions\"}],\"Version\":\"2012-10-17\"}",
            "policy_id": "ANPAXYKDDFS6MJAPBWDHM",
            "tags": {},
            "tags_all": {}
          },
          "sensitive_attributes": [],
          "private": "bnVsbA==",
          "dependencies": [
            "module.dynamodb_table.aws_dynamodb_table.dynamodb_table",
            "module.ecs_role.data.aws_iam_policy_document.role_policy_ecs_task_role"
          ],
          "create_before_destroy": true
        }
      ]
    },
    {
      "module": "module.ecs_role",
      "mode": "managed",
      "type": "aws_iam_role",
      "name": "ecs_task_excecution_role",
      "provider": "provider[\"registry.terraform.io/hashicorp/aws\"]",
      "instances": [
        {
          "index_key": 0,
          "schema_version": 0,
          "attributes": {
            "arn": "arn:aws:iam::533253532860:role/ECS-task-excecution-Role",
            "assume_role_policy": "{\"Version\":\"2012-10-17\",\"Statement\":[{\"Sid\":\"\",\"Effect\":\"Allow\",\"Principal\":{\"Service\":\"ecs-tasks.amazonaws.com\"},\"Action\":\"sts:AssumeRole\"}]}",
            "create_date": "2022-03-08T09:12:10Z",
            "description": "",
            "force_detach_policies": false,
            "id": "ECS-task-excecution-Role",
            "inline_policy": [
              {
                "name": "",
                "policy": ""
              }
            ],
            "managed_policy_arns": [
              "arn:aws:iam::aws:policy/service-role/AmazonECSTaskExecutionRolePolicy"
            ],
            "max_session_duration": 3600,
            "name": "ECS-task-excecution-Role",
            "name_prefix": "",
            "path": "/",
            "permissions_boundary": null,
            "tags": {
              "Name": "ECS-task-excecution-Role"
            },
            "tags_all": {
              "Name": "ECS-task-excecution-Role"
            },
            "unique_id": "AROAXYKDDFS6DG2EFL5TO"
          },
          "sensitive_attributes": [],
          "private": "bnVsbA==",
          "create_before_destroy": true
        }
      ]
    },
    {
      "module": "module.ecs_role",
      "mode": "managed",
      "type": "aws_iam_role",
      "name": "ecs_task_role",
      "provider": "provider[\"registry.terraform.io/hashicorp/aws\"]",
      "instances": [
        {
          "index_key": 0,
          "schema_version": 0,
          "attributes": {
            "arn": "arn:aws:iam::533253532860:role/ECS-task-Role",
            "assume_role_policy": "{\"Version\":\"2012-10-17\",\"Statement\":[{\"Sid\":\"\",\"Effect\":\"Allow\",\"Principal\":{\"Service\":\"ecs-tasks.amazonaws.com\"},\"Action\":\"sts:AssumeRole\"}]}",
            "create_date": "2022-03-08T09:12:12Z",
            "description": "",
            "force_detach_policies": false,
            "id": "ECS-task-Role",
            "inline_policy": [
              {
                "name": "",
                "policy": ""
              }
            ],
            "managed_policy_arns": [
              "arn:aws:iam::533253532860:policy/Policy-ECS-task-Role"
            ],
            "max_session_duration": 3600,
            "name": "ECS-task-Role",
            "name_prefix": "",
            "path": "/",
            "permissions_boundary": null,
            "tags": {
              "Name": "ECS-task-Role"
            },
            "tags_all": {
              "Name": "ECS-task-Role"
            },
            "unique_id": "AROAXYKDDFS6BKINV7PVH"
          },
          "sensitive_attributes": [],
          "private": "bnVsbA==",
          "create_before_destroy": true
        }
      ]
    },
    {
      "module": "module.ecs_role",
      "mode": "managed",
      "type": "aws_iam_role_policy_attachment",
      "name": "attachment",
      "provider": "provider[\"registry.terraform.io/hashicorp/aws\"]",
      "instances": [
        {
          "index_key": 0,
          "schema_version": 0,
          "attributes": {
            "id": "ECS-task-excecution-Role-20220308091212562800000001",
            "policy_arn": "arn:aws:iam::aws:policy/service-role/AmazonECSTaskExecutionRolePolicy",
            "role": "ECS-task-excecution-Role"
          },
          "sensitive_attributes": [],
          "private": "bnVsbA==",
          "dependencies": [
            "module.ecs_role.aws_iam_role.ecs_task_excecution_role"
          ],
          "create_before_destroy": true
        }
      ]
    },
    {
      "module": "module.ecs_role",
      "mode": "managed",
      "type": "aws_iam_role_policy_attachment",
      "name": "ecs_attachment",
      "provider": "provider[\"registry.terraform.io/hashicorp/aws\"]",
      "instances": [
        {
          "index_key": 0,
          "schema_version": 0,
          "attributes": {
            "id": "ECS-task-Role-20220308091218266100000003",
            "policy_arn": "arn:aws:iam::533253532860:policy/Policy-ECS-task-Role",
            "role": "ECS-task-Role"
          },
          "sensitive_attributes": [],
          "private": "bnVsbA==",
          "dependencies": [
            "module.dynamodb_table.aws_dynamodb_table.dynamodb_table",
            "module.ecs_role.aws_iam_policy.policy_for_ecs_task_role",
            "module.ecs_role.aws_iam_role.ecs_task_role",
            "module.ecs_role.data.aws_iam_policy_document.role_policy_ecs_task_role"
          ],
          "create_before_destroy": true
        }
      ]
    },
    {
      "module": "module.ecs_role_policy",
      "mode": "data",
      "type": "aws_iam_policy_document",
      "name": "role_policy_devops_role",
      "provider": "provider[\"registry.terraform.io/hashicorp/aws\"]",
      "instances": [
        {
          "schema_version": 0,
          "attributes": {
            "id": "3019431499",
            "json": "{\n  \"Version\": \"2012-10-17\",\n  \"Statement\": [\n    {\n      \"Sid\": \"AllowS3Actions\",\n      \"Effect\": \"Allow\",\n      \"Action\": \"s3:*\",\n      \"Resource\": \"*\"\n    },\n    {\n      \"Sid\": \"AllowCodebuildActions\",\n      \"Effect\": \"Allow\",\n      \"Action\": [\n        \"codebuild:StopBuild\",\n        \"codebuild:StartBuildBatch\",\n        \"codebuild:StartBuild\",\n        \"codebuild:BatchGetBuilds\",\n        \"codebuild:BatchGetBuildBatches\"\n      ],\n      \"Resource\": \"*\"\n    },\n    {\n      \"Sid\": \"AllowCodebuildList\",\n      \"Effect\": \"Allow\",\n      \"Action\": \"codebuild:ListBuilds\",\n      \"Resource\": \"*\"\n    },\n    {\n      \"Sid\": \"AllowCodeDeployActions\",\n      \"Effect\": \"Allow\",\n      \"Action\": [\n        \"codedeploy:RegisterApplicationRevision\",\n        \"codedeploy:GetDeploymentGroup\",\n        \"codedeploy:GetDeployment\",\n        \"codedeploy:GetApplicationRevision\",\n        \"codedeploy:GetApplication\",\n        \"codedeploy:CreateDeployment\"\n      ],\n      \"Resource\": \"*\"\n    },\n    {\n      \"Sid\": \"AllowCodeDeployConfigs\",\n      \"Effect\": \"Allow\",\n      \"Action\": [\n        \"codedeploy:StopDeployment\",\n        \"codedeploy:ListDeployments\",\n        \"codedeploy:ListDeploymentGroups\",\n        \"codedeploy:ListDeploymentConfigs\",\n        \"codedeploy:ListApplications\",\n        \"codedeploy:GetDeploymentTarget\",\n        \"codedeploy:GetDeploymentConfig\",\n        \"codedeploy:CreateDeploymentGroup\",\n        \"codedeploy:CreateDeploymentConfig\"\n      ],\n      \"Resource\": \"*\"\n    },\n    {\n      \"Sid\": \"AllowECRActions\",\n      \"Effect\": \"Allow\",\n      \"Action\": [\n        \"ecr:UploadLayerPart\",\n        \"ecr:PutImage\",\n        \"ecr:InitiateLayerUpload\",\n        \"ecr:GetDownloadUrlForLayer\",\n        \"ecr:CompleteLayerUpload\",\n        \"ecr:BatchGetImage\",\n        \"ecr:BatchCheckLayerAvailability\"\n      ],\n      \"Resource\": \"*\"\n    },\n    {\n      \"Sid\": \"AllowECRAuthorization\",\n      \"Effect\": \"Allow\",\n      \"Action\": \"ecr:GetAuthorizationToken\",\n      \"Resource\": \"*\"\n    },\n    {\n      \"Sid\": \"AllowCECSServiceActions\",\n      \"Effect\": \"Allow\",\n      \"Action\": [\n        \"ecs:UpdateTaskSet\",\n        \"ecs:UpdateServicePrimaryTaskSet\",\n        \"ecs:UpdateService\",\n        \"ecs:UpdateCluster\",\n        \"ecs:UpdateCapacityProvider\",\n        \"ecs:StopTask\",\n        \"ecs:StartTask\",\n        \"ecs:RunTask\",\n        \"ecs:RegisterTaskDefinition\",\n        \"ecs:PutClusterCapacityProviders\",\n        \"ecs:ListTasks\",\n        \"ecs:ListServices\",\n        \"ecs:DescribeTasks\",\n        \"ecs:DescribeTaskSets\",\n        \"ecs:DescribeTaskDefinition\",\n        \"ecs:DescribeServices\",\n        \"ecs:DeregisterContainerInstance\",\n        \"ecs:DeleteTaskSet\",\n        \"ecs:CreateTaskSet\"\n      ],\n      \"Resource\": \"*\"\n    },\n    {\n      \"Sid\": \"AllowIAMPassRole\",\n      \"Effect\": \"Allow\",\n      \"Action\": \"iam:PassRole\",\n      \"Resource\": \"*\"\n    },\n    {\n      \"Sid\": \"AllowCloudWatchActions\",\n      \"Effect\": \"Allow\",\n      \"Action\": [\n        \"logs:PutLogEvents\",\n        \"logs:CreateLogStream\",\n        \"logs:CreateLogGroup\"\n      ],\n      \"Resource\": \"*\"\n    },\n    {\n      \"Sid\": \"AllowCodeStarConnections\",\n      \"Effect\": \"Allow\",\n      \"Action\": \"codestar-connections:*\",\n      \"Resource\": \"*\"\n    }\n  ]\n}",
            "override_json": null,
            "override_policy_documents": null,
            "policy_id": null,
            "source_json": null,
            "source_policy_documents": null,
            "statement": [
              {
                "actions": [
                  "s3:*"
                ],
                "condition": [],
                "effect": "Allow",
                "not_actions": [],
                "not_principals": [],
                "not_resources": [],
                "principals": [],
                "resources": [
                  "*"
                ],
                "sid": "AllowS3Actions"
              },
              {
                "actions": [
                  "codebuild:BatchGetBuildBatches",
                  "codebuild:BatchGetBuilds",
                  "codebuild:StartBuild",
                  "codebuild:StartBuildBatch",
                  "codebuild:StopBuild"
                ],
                "condition": [],
                "effect": "Allow",
                "not_actions": [],
                "not_principals": [],
                "not_resources": [],
                "principals": [],
                "resources": [
                  "*"
                ],
                "sid": "AllowCodebuildActions"
              },
              {
                "actions": [
                  "codebuild:ListBuilds"
                ],
                "condition": [],
                "effect": "Allow",
                "not_actions": [],
                "not_principals": [],
                "not_resources": [],
                "principals": [],
                "resources": [
                  "*"
                ],
                "sid": "AllowCodebuildList"
              },
              {
                "actions": [
                  "codedeploy:CreateDeployment",
                  "codedeploy:GetApplication",
                  "codedeploy:GetApplicationRevision",
                  "codedeploy:GetDeployment",
                  "codedeploy:GetDeploymentGroup",
                  "codedeploy:RegisterApplicationRevision"
                ],
                "condition": [],
                "effect": "Allow",
                "not_actions": [],
                "not_principals": [],
                "not_resources": [],
                "principals": [],
                "resources": [
                  "*"
                ],
                "sid": "AllowCodeDeployActions"
              },
              {
                "actions": [
                  "codedeploy:CreateDeploymentConfig",
                  "codedeploy:CreateDeploymentGroup",
                  "codedeploy:GetDeploymentConfig",
                  "codedeploy:GetDeploymentTarget",
                  "codedeploy:ListApplications",
                  "codedeploy:ListDeploymentConfigs",
                  "codedeploy:ListDeploymentGroups",
                  "codedeploy:ListDeployments",
                  "codedeploy:StopDeployment"
                ],
                "condition": [],
                "effect": "Allow",
                "not_actions": [],
                "not_principals": [],
                "not_resources": [],
                "principals": [],
                "resources": [
                  "*"
                ],
                "sid": "AllowCodeDeployConfigs"
              },
              {
                "actions": [
                  "ecr:BatchCheckLayerAvailability",
                  "ecr:BatchGetImage",
                  "ecr:CompleteLayerUpload",
                  "ecr:GetDownloadUrlForLayer",
                  "ecr:InitiateLayerUpload",
                  "ecr:PutImage",
                  "ecr:UploadLayerPart"
                ],
                "condition": [],
                "effect": "Allow",
                "not_actions": [],
                "not_principals": [],
                "not_resources": [],
                "principals": [],
                "resources": [
                  "*"
                ],
                "sid": "AllowECRActions"
              },
              {
                "actions": [
                  "ecr:GetAuthorizationToken"
                ],
                "condition": [],
                "effect": "Allow",
                "not_actions": [],
                "not_principals": [],
                "not_resources": [],
                "principals": [],
                "resources": [
                  "*"
                ],
                "sid": "AllowECRAuthorization"
              },
              {
                "actions": [
                  "ecs:CreateTaskSet",
                  "ecs:DeleteTaskSet",
                  "ecs:DeregisterContainerInstance",
                  "ecs:DescribeServices",
                  "ecs:DescribeTaskDefinition",
                  "ecs:DescribeTaskSets",
                  "ecs:DescribeTasks",
                  "ecs:ListServices",
                  "ecs:ListTasks",
                  "ecs:PutClusterCapacityProviders",
                  "ecs:RegisterTaskDefinition",
                  "ecs:RunTask",
                  "ecs:StartTask",
                  "ecs:StopTask",
                  "ecs:UpdateCapacityProvider",
                  "ecs:UpdateCluster",
                  "ecs:UpdateService",
                  "ecs:UpdateServicePrimaryTaskSet",
                  "ecs:UpdateTaskSet"
                ],
                "condition": [],
                "effect": "Allow",
                "not_actions": [],
                "not_principals": [],
                "not_resources": [],
                "principals": [],
                "resources": [
                  "*"
                ],
                "sid": "AllowCECSServiceActions"
              },
              {
                "actions": [
                  "iam:PassRole"
                ],
                "condition": [],
                "effect": "Allow",
                "not_actions": [],
                "not_principals": [],
                "not_resources": [],
                "principals": [],
                "resources": [
                  "*"
                ],
                "sid": "AllowIAMPassRole"
              },
              {
                "actions": [
                  "logs:CreateLogGroup",
                  "logs:CreateLogStream",
                  "logs:PutLogEvents"
                ],
                "condition": [],
                "effect": "Allow",
                "not_actions": [],
                "not_principals": [],
                "not_resources": [],
                "principals": [],
                "resources": [
                  "*"
                ],
                "sid": "AllowCloudWatchActions"
              },
              {
                "actions": [
                  "codestar-connections:*"
                ],
                "condition": [],
                "effect": "Allow",
                "not_actions": [],
                "not_principals": [],
                "not_resources": [],
                "principals": [],
                "resources": [
                  "*"
                ],
                "sid": "AllowCodeStarConnections"
              }
            ],
            "version": "2012-10-17"
          },
          "sensitive_attributes": []
        }
      ]
    },
    {
      "module": "module.ecs_role_policy",
      "mode": "data",
      "type": "aws_iam_policy_document",
      "name": "role_policy_ecs_task_role",
      "provider": "provider[\"registry.terraform.io/hashicorp/aws\"]",
      "instances": [
        {
          "schema_version": 0,
          "attributes": {
            "id": "3542866187",
            "json": "{\n  \"Version\": \"2012-10-17\",\n  \"Statement\": [\n    {\n      \"Sid\": \"AllowS3Actions\",\n      \"Effect\": \"Allow\",\n      \"Action\": [\n        \"s3:ListBucket\",\n        \"s3:GetObject\"\n      ],\n      \"Resource\": \"*\"\n    },\n    {\n      \"Sid\": \"AllowIAMPassRole\",\n      \"Effect\": \"Allow\",\n      \"Action\": \"iam:PassRole\",\n      \"Resource\": \"*\"\n    },\n    {\n      \"Sid\": \"AllowDynamodbActions\",\n      \"Effect\": \"Allow\",\n      \"Action\": [\n        \"dynamodb:Scan\",\n        \"dynamodb:Query\",\n        \"dynamodb:List*\",\n        \"dynamodb:GetItem\",\n        \"dynamodb:Describe*\",\n        \"dynamodb:BatchGetItem\"\n      ],\n      \"Resource\": \"*\"\n    }\n  ]\n}",
            "override_json": null,
            "override_policy_documents": null,
            "policy_id": null,
            "source_json": null,
            "source_policy_documents": null,
            "statement": [
              {
                "actions": [
                  "s3:GetObject",
                  "s3:ListBucket"
                ],
                "condition": [],
                "effect": "Allow",
                "not_actions": [],
                "not_principals": [],
                "not_resources": [],
                "principals": [],
                "resources": [
                  "*"
                ],
                "sid": "AllowS3Actions"
              },
              {
                "actions": [
                  "iam:PassRole"
                ],
                "condition": [],
                "effect": "Allow",
                "not_actions": [],
                "not_principals": [],
                "not_resources": [],
                "principals": [],
                "resources": [
                  "*"
                ],
                "sid": "AllowIAMPassRole"
              },
              {
                "actions": [
                  "dynamodb:BatchGetItem",
                  "dynamodb:Describe*",
                  "dynamodb:GetItem",
                  "dynamodb:List*",
                  "dynamodb:Query",
                  "dynamodb:Scan"
                ],
                "condition": [],
                "effect": "Allow",
                "not_actions": [],
                "not_principals": [],
                "not_resources": [],
                "principals": [],
                "resources": [
                  "*"
                ],
                "sid": "AllowDynamodbActions"
              }
            ],
            "version": "2012-10-17"
          },
          "sensitive_attributes": []
        }
      ]
    },
    {
      "module": "module.ecs_service_client",
      "mode": "managed",
      "type": "aws_ecs_service",
      "name": "ecs_service",
      "provider": "provider[\"registry.terraform.io/hashicorp/aws\"]",
      "instances": [
        {
          "schema_version": 0,
          "attributes": {
            "capacity_provider_strategy": [],
            "cluster": "arn:aws:ecs:eu-central-1:533253532860:cluster/Cluster-dev",
            "deployment_circuit_breaker": [],
            "deployment_controller": [
              {
                "type": "CODE_DEPLOY"
              }
            ],
            "deployment_maximum_percent": 200,
            "deployment_minimum_healthy_percent": 100,
            "desired_count": 1,
            "enable_ecs_managed_tags": false,
            "enable_execute_command": false,
            "force_new_deployment": null,
            "health_check_grace_period_seconds": 10,
            "iam_role": "aws-service-role",
            "id": "arn:aws:ecs:eu-central-1:533253532860:service/Cluster-dev/Service-dev-client",
            "launch_type": "FARGATE",
            "load_balancer": [
              {
                "container_name": "Container-client",
                "container_port": 80,
                "elb_name": "",
                "target_group_arn": "arn:aws:elasticloadbalancing:eu-central-1:533253532860:targetgroup/tg-dev-c-b/b5dd036c7a1575c7"
              }
            ],
            "name": "Service-dev-client",
            "network_configuration": [
              {
                "assign_public_ip": false,
                "security_groups": [
                  "sg-0a783c4a75c489a39"
                ],
                "subnets": [
                  "subnet-0be72f2abe4390d50",
                  "subnet-0fca7779bf7c9bb35"
                ]
              }
            ],
            "ordered_placement_strategy": [],
            "placement_constraints": [],
            "platform_version": "1.4.0",
            "propagate_tags": "NONE",
            "scheduling_strategy": "REPLICA",
            "service_registries": [],
            "tags": {},
            "tags_all": {},
            "task_definition": "arn:aws:ecs:eu-central-1:533253532860:task-definition/task-definition-dev-client:6",
            "timeouts": null,
            "wait_for_steady_state": false
          },
          "sensitive_attributes": [],
          "private": "eyJlMmJmYjczMC1lY2FhLTExZTYtOGY4OC0zNDM2M2JjN2M0YzAiOnsiZGVsZXRlIjoxMjAwMDAwMDAwMDAwfX0=",
          "dependencies": [
            "module.alb_client.aws_alb.alb",
            "module.alb_client.aws_alb_listener.http_listener",
            "module.alb_client.aws_alb_listener.https_listener",
            "module.alb_client.aws_alb_target_group.target_group",
            "module.ecr_client.aws_ecr_repository.ecr_repository",
            "module.ecs_cluster.aws_ecs_cluster.ecs_cluster",
            "module.ecs_role.aws_iam_role.devops_role",
            "module.ecs_role.aws_iam_role.ecs_task_excecution_role",
            "module.ecs_role.aws_iam_role.ecs_task_role",
            "module.ecs_taks_definition_client.aws_ecs_task_definition.ecs_task_definition",
            "module.networking.aws_subnet.private_subnets_client",
            "module.networking.aws_subnet.public_subnets",
            "module.networking.aws_vpc.aws_vpc",
            "module.networking.data.aws_availability_zones.az_availables",
            "module.security_group_alb_client.aws_security_group.sg",
            "module.security_group_ecs_task_client.aws_security_group.sg",
            "module.target_group_client_blue.aws_alb_target_group.target_group"
          ],
          "create_before_destroy": true
        }
      ]
    },
    {
      "module": "module.ecs_taks_definition_client",
      "mode": "managed",
      "type": "aws_cloudwatch_log_group",
      "name": "TaskDF-Log_Group",
      "provider": "provider[\"registry.terraform.io/hashicorp/aws\"]",
      "instances": [
        {
          "schema_version": 0,
          "attributes": {
            "arn": "arn:aws:logs:eu-central-1:533253532860:log-group:/ecs/task-definition-dev-client",
            "id": "/ecs/task-definition-dev-client",
            "kms_key_id": "",
            "name": "/ecs/task-definition-dev-client",
            "name_prefix": null,
            "retention_in_days": 30,
            "tags": {},
            "tags_all": {}
          },
          "sensitive_attributes": [],
          "private": "bnVsbA=="
        }
      ]
    },
    {
      "module": "module.ecs_taks_definition_client",
      "mode": "managed",
      "type": "aws_ecs_task_definition",
      "name": "ecs_task_definition",
      "provider": "provider[\"registry.terraform.io/hashicorp/aws\"]",
      "instances": [
        {
          "schema_version": 1,
          "attributes": {
            "arn": "arn:aws:ecs:eu-central-1:533253532860:task-definition/task-definition-dev-client:6",
            "container_definitions": "[{\"cpu\":0,\"environment\":[],\"essential\":true,\"image\":\"533253532860.dkr.ecr.eu-central-1.amazonaws.com/repo-client\",\"logConfiguration\":{\"logDriver\":\"awslogs\",\"options\":{\"awslogs-group\":\"/ecs/task-definition-dev-client\",\"awslogs-region\":\"eu-central-1\",\"awslogs-stream-prefix\":\"ecs\"}},\"mountPoints\":[],\"name\":\"Container-client\",\"portMappings\":[{\"containerPort\":80,\"hostPort\":80,\"protocol\":\"tcp\"}],\"volumesFrom\":[]}]",
            "cpu": "256",
            "ephemeral_storage": [],
            "execution_role_arn": "arn:aws:iam::533253532860:role/ECS-task-excecution-Role",
            "family": "task-definition-dev-client",
            "id": "task-definition-dev-client",
            "inference_accelerator": [],
            "ipc_mode": "",
            "memory": "512",
            "network_mode": "awsvpc",
            "pid_mode": "",
            "placement_constraints": [],
            "proxy_configuration": [],
            "requires_compatibilities": [
              "FARGATE"
            ],
            "revision": 6,
            "runtime_platform": [],
            "skip_destroy": false,
            "tags": {},
            "tags_all": {},
            "task_role_arn": "arn:aws:iam::533253532860:role/ECS-task-Role",
            "volume": []
          },
          "sensitive_attributes": [],
          "private": "eyJzY2hlbWFfdmVyc2lvbiI6IjEifQ==",
          "dependencies": [
            "module.ecr_client.aws_ecr_repository.ecr_repository",
            "module.ecs_role.aws_iam_role.devops_role",
            "module.ecs_role.aws_iam_role.ecs_task_excecution_role",
            "module.ecs_role.aws_iam_role.ecs_task_role"
          ],
          "create_before_destroy": true
        }
      ]
    },
    {
      "module": "module.networking",
      "mode": "data",
      "type": "aws_availability_zones",
      "name": "az_availables",
      "provider": "provider[\"registry.terraform.io/hashicorp/aws\"]",
      "instances": [
        {
          "schema_version": 0,
          "attributes": {
            "all_availability_zones": null,
            "exclude_names": null,
            "exclude_zone_ids": null,
            "filter": null,
            "group_names": [
              "eu-central-1"
            ],
            "id": "eu-central-1",
            "names": [
              "eu-central-1a",
              "eu-central-1b",
              "eu-central-1c"
            ],
            "state": "available",
            "zone_ids": [
              "euc1-az2",
              "euc1-az3",
              "euc1-az1"
            ]
          },
          "sensitive_attributes": []
        }
      ]
    },
    {
      "module": "module.networking",
      "mode": "managed",
      "type": "aws_default_route_table",
      "name": "rt_public",
      "provider": "provider[\"registry.terraform.io/hashicorp/aws\"]",
      "instances": [
        {
          "schema_version": 0,
          "attributes": {
            "arn": "arn:aws:ec2:eu-central-1:533253532860:route-table/rtb-0cd5dc3a4327421b9",
            "default_route_table_id": "rtb-0cd5dc3a4327421b9",
            "id": "rtb-0cd5dc3a4327421b9",
            "owner_id": "533253532860",
            "propagating_vgws": [],
            "route": [
              {
                "cidr_block": "0.0.0.0/0",
                "destination_prefix_list_id": "",
                "egress_only_gateway_id": "",
                "gateway_id": "igw-09652dd4c8dd40bd8",
                "instance_id": "",
                "ipv6_cidr_block": "",
                "nat_gateway_id": "",
                "network_interface_id": "",
                "transit_gateway_id": "",
                "vpc_endpoint_id": "",
                "vpc_peering_connection_id": ""
              }
            ],
            "tags": {
              "Name": "public_rt_dev"
            },
            "tags_all": {
              "Name": "public_rt_dev"
            },
            "timeouts": null,
            "vpc_id": "vpc-0bdf66f19385c1faa"
          },
          "sensitive_attributes": [],
          "private": "eyJlMmJmYjczMC1lY2FhLTExZTYtOGY4OC0zNDM2M2JjN2M0YzAiOnsiY3JlYXRlIjoxMjAwMDAwMDAwMDAsInVwZGF0ZSI6MTIwMDAwMDAwMDAwfX0=",
          "dependencies": [
            "module.networking.aws_internet_gateway.igw",
            "module.networking.aws_vpc.aws_vpc"
          ]
        }
      ]
    },
    {
      "module": "module.networking",
      "mode": "managed",
      "type": "aws_eip",
      "name": "eip",
      "provider": "provider[\"registry.terraform.io/hashicorp/aws\"]",
      "instances": [
        {
          "schema_version": 0,
          "attributes": {
            "address": null,
            "allocation_id": "eipalloc-01f47f9e99f20acf9",
            "associate_with_private_ip": null,
            "association_id": "eipassoc-06728919a67f62750",
            "carrier_ip": "",
            "customer_owned_ip": "",
            "customer_owned_ipv4_pool": "",
            "domain": "vpc",
            "id": "eipalloc-01f47f9e99f20acf9",
            "instance": "",
            "network_border_group": "eu-central-1",
            "network_interface": "eni-0b1ce9b9b4a6b3af8",
            "private_dns": "ip-10-120-3-235.eu-central-1.compute.internal",
            "private_ip": "10.120.3.235",
            "public_dns": "ec2-18-158-47-93.eu-central-1.compute.amazonaws.com",
            "public_ip": "18.158.47.93",
            "public_ipv4_pool": "amazon",
            "tags": {
              "Name": "eip-dev"
            },
            "tags_all": {
              "Name": "eip-dev"
            },
            "timeouts": null,
            "vpc": true
          },
          "sensitive_attributes": [],
          "private": "eyJlMmJmYjczMC1lY2FhLTExZTYtOGY4OC0zNDM2M2JjN2M0YzAiOnsiZGVsZXRlIjoxODAwMDAwMDAwMDAsInJlYWQiOjkwMDAwMDAwMDAwMCwidXBkYXRlIjozMDAwMDAwMDAwMDB9fQ=="
        }
      ]
    },
    {
      "module": "module.networking",
      "mode": "managed",
      "type": "aws_internet_gateway",
      "name": "igw",
      "provider": "provider[\"registry.terraform.io/hashicorp/aws\"]",
      "instances": [
        {
          "schema_version": 0,
          "attributes": {
            "arn": "arn:aws:ec2:eu-central-1:533253532860:internet-gateway/igw-09652dd4c8dd40bd8",
            "id": "igw-09652dd4c8dd40bd8",
            "owner_id": "533253532860",
            "tags": {
              "Name": "igw_dev"
            },
            "tags_all": {
              "Name": "igw_dev"
            },
            "vpc_id": "vpc-0bdf66f19385c1faa"
          },
          "sensitive_attributes": [],
          "private": "bnVsbA==",
          "dependencies": [
            "module.networking.aws_vpc.aws_vpc"
          ]
        }
      ]
    },
    {
      "module": "module.networking",
      "mode": "managed",
      "type": "aws_nat_gateway",
      "name": "natgw",
      "provider": "provider[\"registry.terraform.io/hashicorp/aws\"]",
      "instances": [
        {
          "schema_version": 0,
          "attributes": {
            "allocation_id": "eipalloc-01f47f9e99f20acf9",
            "connectivity_type": "public",
            "id": "nat-0fcfa055ca68c0ddb",
            "network_interface_id": "eni-0b1ce9b9b4a6b3af8",
            "private_ip": "10.120.3.235",
            "public_ip": "18.158.47.93",
            "subnet_id": "subnet-04a87aecf215603c0",
            "tags": {
              "Name": "nat_dev"
            },
            "tags_all": {
              "Name": "nat_dev"
            }
          },
          "sensitive_attributes": [],
          "private": "bnVsbA==",
          "dependencies": [
            "module.networking.aws_eip.eip",
            "module.networking.aws_subnet.public_subnets",
            "module.networking.aws_vpc.aws_vpc",
            "module.networking.data.aws_availability_zones.az_availables"
          ]
        }
      ]
    },
    {
      "module": "module.networking",
      "mode": "managed",
      "type": "aws_route_table",
      "name": "rt_private",
      "provider": "provider[\"registry.terraform.io/hashicorp/aws\"]",
      "instances": [
        {
          "schema_version": 0,
          "attributes": {
            "arn": "arn:aws:ec2:eu-central-1:533253532860:route-table/rtb-027fda2af73706521",
            "id": "rtb-027fda2af73706521",
            "owner_id": "533253532860",
            "propagating_vgws": [],
            "route": [
              {
                "carrier_gateway_id": "",
                "cidr_block": "0.0.0.0/0",
                "destination_prefix_list_id": "",
                "egress_only_gateway_id": "",
                "gateway_id": "nat-0fcfa055ca68c0ddb",
                "instance_id": "",
                "ipv6_cidr_block": "",
                "local_gateway_id": "",
                "nat_gateway_id": "",
                "network_interface_id": "",
                "transit_gateway_id": "",
                "vpc_endpoint_id": "",
                "vpc_peering_connection_id": ""
              }
            ],
            "tags": {
              "Name": "private_rt_dev"
            },
            "tags_all": {
              "Name": "private_rt_dev"
            },
            "timeouts": null,
            "vpc_id": "vpc-0bdf66f19385c1faa"
          },
          "sensitive_attributes": [],
          "private": "eyJlMmJmYjczMC1lY2FhLTExZTYtOGY4OC0zNDM2M2JjN2M0YzAiOnsiY3JlYXRlIjozMDAwMDAwMDAwMDAsImRlbGV0ZSI6MzAwMDAwMDAwMDAwLCJ1cGRhdGUiOjEyMDAwMDAwMDAwMH19",
          "dependencies": [
            "module.networking.aws_nat_gateway.natgw",
            "module.networking.aws_vpc.aws_vpc"
          ]
        }
      ]
    },
    {
      "module": "module.networking",
      "mode": "managed",
      "type": "aws_route_table_association",
      "name": "rt_assoc_priv_subnets_client",
      "provider": "provider[\"registry.terraform.io/hashicorp/aws\"]",
      "instances": [
        {
          "index_key": 0,
          "schema_version": 0,
          "attributes": {
            "gateway_id": "",
            "id": "rtbassoc-0373bf473f50d8221",
            "route_table_id": "rtb-027fda2af73706521",
            "subnet_id": "subnet-0be72f2abe4390d50"
          },
          "sensitive_attributes": [],
          "private": "bnVsbA==",
          "dependencies": [
            "module.networking.aws_eip.eip",
            "module.networking.aws_nat_gateway.natgw",
            "module.networking.aws_route_table.rt_private",
            "module.networking.aws_subnet.private_subnets_client",
            "module.networking.aws_subnet.public_subnets",
            "module.networking.aws_vpc.aws_vpc",
            "module.networking.data.aws_availability_zones.az_availables"
          ]
        },
        {
          "index_key": 1,
          "schema_version": 0,
          "attributes": {
            "gateway_id": "",
            "id": "rtbassoc-0f74abd589ea37bb5",
            "route_table_id": "rtb-027fda2af73706521",
            "subnet_id": "subnet-0fca7779bf7c9bb35"
          },
          "sensitive_attributes": [],
          "private": "bnVsbA==",
          "dependencies": [
            "module.networking.aws_eip.eip",
            "module.networking.aws_nat_gateway.natgw",
            "module.networking.aws_route_table.rt_private",
            "module.networking.aws_subnet.private_subnets_client",
            "module.networking.aws_subnet.public_subnets",
            "module.networking.aws_vpc.aws_vpc",
            "module.networking.data.aws_availability_zones.az_availables"
          ]
        }
      ]
    },
    {
      "module": "module.networking",
      "mode": "managed",
      "type": "aws_route_table_association",
      "name": "rt_assoc_priv_subnets_server",
      "provider": "provider[\"registry.terraform.io/hashicorp/aws\"]",
      "instances": [
        {
          "index_key": 0,
          "schema_version": 0,
          "attributes": {
            "gateway_id": "",
            "id": "rtbassoc-0ad416be6779a59aa",
            "route_table_id": "rtb-027fda2af73706521",
            "subnet_id": "subnet-07234a8750672322d"
          },
          "sensitive_attributes": [],
          "private": "bnVsbA==",
          "dependencies": [
            "module.networking.aws_eip.eip",
            "module.networking.aws_nat_gateway.natgw",
            "module.networking.aws_route_table.rt_private",
            "module.networking.aws_subnet.private_subnets_server",
            "module.networking.aws_subnet.public_subnets",
            "module.networking.aws_vpc.aws_vpc",
            "module.networking.data.aws_availability_zones.az_availables"
          ]
        },
        {
          "index_key": 1,
          "schema_version": 0,
          "attributes": {
            "gateway_id": "",
            "id": "rtbassoc-0c40cf398e217e5d1",
            "route_table_id": "rtb-027fda2af73706521",
            "subnet_id": "subnet-0a71fd34fd80d36d1"
          },
          "sensitive_attributes": [],
          "private": "bnVsbA==",
          "dependencies": [
            "module.networking.aws_eip.eip",
            "module.networking.aws_nat_gateway.natgw",
            "module.networking.aws_route_table.rt_private",
            "module.networking.aws_subnet.private_subnets_server",
            "module.networking.aws_subnet.public_subnets",
            "module.networking.aws_vpc.aws_vpc",
            "module.networking.data.aws_availability_zones.az_availables"
          ]
        }
      ]
    },
    {
      "module": "module.networking",
      "mode": "managed",
      "type": "aws_route_table_association",
      "name": "rt_assoc_pub_subnets",
      "provider": "provider[\"registry.terraform.io/hashicorp/aws\"]",
      "instances": [
        {
          "index_key": 0,
          "schema_version": 0,
          "attributes": {
            "gateway_id": "",
            "id": "rtbassoc-047a897ac77d86a84",
            "route_table_id": "rtb-0cd5dc3a4327421b9",
            "subnet_id": "subnet-04a87aecf215603c0"
          },
          "sensitive_attributes": [],
          "private": "bnVsbA==",
          "dependencies": [
            "module.networking.aws_subnet.public_subnets",
            "module.networking.aws_vpc.aws_vpc",
            "module.networking.data.aws_availability_zones.az_availables"
          ]
        },
        {
          "index_key": 1,
          "schema_version": 0,
          "attributes": {
            "gateway_id": "",
            "id": "rtbassoc-017e3b1cb6d0ec97b",
            "route_table_id": "rtb-0cd5dc3a4327421b9",
            "subnet_id": "subnet-051925463e261e733"
          },
          "sensitive_attributes": [],
          "private": "bnVsbA==",
          "dependencies": [
            "module.networking.aws_subnet.public_subnets",
            "module.networking.aws_vpc.aws_vpc",
            "module.networking.data.aws_availability_zones.az_availables"
          ]
        }
      ]
    },
    {
      "module": "module.networking",
      "mode": "managed",
      "type": "aws_subnet",
      "name": "private_subnets_client",
      "provider": "provider[\"registry.terraform.io/hashicorp/aws\"]",
      "instances": [
        {
          "index_key": 0,
          "schema_version": 1,
          "attributes": {
            "arn": "arn:aws:ec2:eu-central-1:533253532860:subnet/subnet-0be72f2abe4390d50",
            "assign_ipv6_address_on_creation": false,
            "availability_zone": "eu-central-1a",
            "availability_zone_id": "euc1-az2",
            "cidr_block": "10.120.6.0/23",
            "customer_owned_ipv4_pool": "",
            "enable_dns64": false,
            "enable_resource_name_dns_a_record_on_launch": false,
            "enable_resource_name_dns_aaaa_record_on_launch": false,
            "id": "subnet-0be72f2abe4390d50",
            "ipv6_cidr_block": "",
            "ipv6_cidr_block_association_id": "",
            "ipv6_native": false,
            "map_customer_owned_ip_on_launch": false,
            "map_public_ip_on_launch": false,
            "outpost_arn": "",
            "owner_id": "533253532860",
            "private_dns_hostname_type_on_launch": "ip-name",
            "tags": {
              "Name": "private_subnet_client_0_dev"
            },
            "tags_all": {
              "Name": "private_subnet_client_0_dev"
            },
            "timeouts": null,
            "vpc_id": "vpc-0bdf66f19385c1faa"
          },
          "sensitive_attributes": [],
          "private": "eyJlMmJmYjczMC1lY2FhLTExZTYtOGY4OC0zNDM2M2JjN2M0YzAiOnsiY3JlYXRlIjo2MDAwMDAwMDAwMDAsImRlbGV0ZSI6MTIwMDAwMDAwMDAwMH0sInNjaGVtYV92ZXJzaW9uIjoiMSJ9",
          "dependencies": [
            "module.networking.aws_vpc.aws_vpc",
            "module.networking.data.aws_availability_zones.az_availables"
          ],
          "create_before_destroy": true
        },
        {
          "index_key": 1,
          "schema_version": 1,
          "attributes": {
            "arn": "arn:aws:ec2:eu-central-1:533253532860:subnet/subnet-0fca7779bf7c9bb35",
            "assign_ipv6_address_on_creation": false,
            "availability_zone": "eu-central-1b",
            "availability_zone_id": "euc1-az3",
            "cidr_block": "10.120.8.0/23",
            "customer_owned_ipv4_pool": "",
            "enable_dns64": false,
            "enable_resource_name_dns_a_record_on_launch": false,
            "enable_resource_name_dns_aaaa_record_on_launch": false,
            "id": "subnet-0fca7779bf7c9bb35",
            "ipv6_cidr_block": "",
            "ipv6_cidr_block_association_id": "",
            "ipv6_native": false,
            "map_customer_owned_ip_on_launch": false,
            "map_public_ip_on_launch": false,
            "outpost_arn": "",
            "owner_id": "533253532860",
            "private_dns_hostname_type_on_launch": "ip-name",
            "tags": {
              "Name": "private_subnet_client_1_dev"
            },
            "tags_all": {
              "Name": "private_subnet_client_1_dev"
            },
            "timeouts": null,
            "vpc_id": "vpc-0bdf66f19385c1faa"
          },
          "sensitive_attributes": [],
          "private": "eyJlMmJmYjczMC1lY2FhLTExZTYtOGY4OC0zNDM2M2JjN2M0YzAiOnsiY3JlYXRlIjo2MDAwMDAwMDAwMDAsImRlbGV0ZSI6MTIwMDAwMDAwMDAwMH0sInNjaGVtYV92ZXJzaW9uIjoiMSJ9",
          "dependencies": [
            "module.networking.aws_vpc.aws_vpc",
            "module.networking.data.aws_availability_zones.az_availables"
          ],
          "create_before_destroy": true
        }
      ]
    },
    {
      "module": "module.networking",
      "mode": "managed",
      "type": "aws_subnet",
      "name": "private_subnets_server",
      "provider": "provider[\"registry.terraform.io/hashicorp/aws\"]",
      "instances": [
        {
          "index_key": 0,
          "schema_version": 1,
          "attributes": {
            "arn": "arn:aws:ec2:eu-central-1:533253532860:subnet/subnet-07234a8750672322d",
            "assign_ipv6_address_on_creation": false,
            "availability_zone": "eu-central-1a",
            "availability_zone_id": "euc1-az2",
            "cidr_block": "10.120.10.0/23",
            "customer_owned_ipv4_pool": "",
            "enable_dns64": false,
            "enable_resource_name_dns_a_record_on_launch": false,
            "enable_resource_name_dns_aaaa_record_on_launch": false,
            "id": "subnet-07234a8750672322d",
            "ipv6_cidr_block": "",
            "ipv6_cidr_block_association_id": "",
            "ipv6_native": false,
            "map_customer_owned_ip_on_launch": false,
            "map_public_ip_on_launch": false,
            "outpost_arn": "",
            "owner_id": "533253532860",
            "private_dns_hostname_type_on_launch": "ip-name",
            "tags": {
              "Name": "private_subnet_server_0_dev"
            },
            "tags_all": {
              "Name": "private_subnet_server_0_dev"
            },
            "timeouts": null,
            "vpc_id": "vpc-0bdf66f19385c1faa"
          },
          "sensitive_attributes": [],
          "private": "eyJlMmJmYjczMC1lY2FhLTExZTYtOGY4OC0zNDM2M2JjN2M0YzAiOnsiY3JlYXRlIjo2MDAwMDAwMDAwMDAsImRlbGV0ZSI6MTIwMDAwMDAwMDAwMH0sInNjaGVtYV92ZXJzaW9uIjoiMSJ9",
          "dependencies": [
            "module.networking.aws_vpc.aws_vpc",
            "module.networking.data.aws_availability_zones.az_availables"
          ]
        },
        {
          "index_key": 1,
          "schema_version": 1,
          "attributes": {
            "arn": "arn:aws:ec2:eu-central-1:533253532860:subnet/subnet-0a71fd34fd80d36d1",
            "assign_ipv6_address_on_creation": false,
            "availability_zone": "eu-central-1b",
            "availability_zone_id": "euc1-az3",
            "cidr_block": "10.120.12.0/23",
            "customer_owned_ipv4_pool": "",
            "enable_dns64": false,
            "enable_resource_name_dns_a_record_on_launch": false,
            "enable_resource_name_dns_aaaa_record_on_launch": false,
            "id": "subnet-0a71fd34fd80d36d1",
            "ipv6_cidr_block": "",
            "ipv6_cidr_block_association_id": "",
            "ipv6_native": false,
            "map_customer_owned_ip_on_launch": false,
            "map_public_ip_on_launch": false,
            "outpost_arn": "",
            "owner_id": "533253532860",
            "private_dns_hostname_type_on_launch": "ip-name",
            "tags": {
              "Name": "private_subnet_server_1_dev"
            },
            "tags_all": {
              "Name": "private_subnet_server_1_dev"
            },
            "timeouts": null,
            "vpc_id": "vpc-0bdf66f19385c1faa"
          },
          "sensitive_attributes": [],
          "private": "eyJlMmJmYjczMC1lY2FhLTExZTYtOGY4OC0zNDM2M2JjN2M0YzAiOnsiY3JlYXRlIjo2MDAwMDAwMDAwMDAsImRlbGV0ZSI6MTIwMDAwMDAwMDAwMH0sInNjaGVtYV92ZXJzaW9uIjoiMSJ9",
          "dependencies": [
            "module.networking.aws_vpc.aws_vpc",
            "module.networking.data.aws_availability_zones.az_availables"
          ]
        }
      ]
    },
    {
      "module": "module.networking",
      "mode": "managed",
      "type": "aws_subnet",
      "name": "public_subnets",
      "provider": "provider[\"registry.terraform.io/hashicorp/aws\"]",
      "instances": [
        {
          "index_key": 0,
          "schema_version": 1,
          "attributes": {
            "arn": "arn:aws:ec2:eu-central-1:533253532860:subnet/subnet-04a87aecf215603c0",
            "assign_ipv6_address_on_creation": false,
            "availability_zone": "eu-central-1a",
            "availability_zone_id": "euc1-az2",
            "cidr_block": "10.120.2.0/23",
            "customer_owned_ipv4_pool": "",
            "enable_dns64": false,
            "enable_resource_name_dns_a_record_on_launch": false,
            "enable_resource_name_dns_aaaa_record_on_launch": false,
            "id": "subnet-04a87aecf215603c0",
            "ipv6_cidr_block": "",
            "ipv6_cidr_block_association_id": "",
            "ipv6_native": false,
            "map_customer_owned_ip_on_launch": false,
            "map_public_ip_on_launch": true,
            "outpost_arn": "",
            "owner_id": "533253532860",
            "private_dns_hostname_type_on_launch": "ip-name",
            "tags": {
              "Name": "public_subnet_0_dev"
            },
            "tags_all": {
              "Name": "public_subnet_0_dev"
            },
            "timeouts": null,
            "vpc_id": "vpc-0bdf66f19385c1faa"
          },
          "sensitive_attributes": [],
          "private": "eyJlMmJmYjczMC1lY2FhLTExZTYtOGY4OC0zNDM2M2JjN2M0YzAiOnsiY3JlYXRlIjo2MDAwMDAwMDAwMDAsImRlbGV0ZSI6MTIwMDAwMDAwMDAwMH0sInNjaGVtYV92ZXJzaW9uIjoiMSJ9",
          "dependencies": [
            "module.networking.aws_vpc.aws_vpc",
            "module.networking.data.aws_availability_zones.az_availables"
          ],
          "create_before_destroy": true
        },
        {
          "index_key": 1,
          "schema_version": 1,
          "attributes": {
            "arn": "arn:aws:ec2:eu-central-1:533253532860:subnet/subnet-051925463e261e733",
            "assign_ipv6_address_on_creation": false,
            "availability_zone": "eu-central-1b",
            "availability_zone_id": "euc1-az3",
            "cidr_block": "10.120.4.0/23",
            "customer_owned_ipv4_pool": "",
            "enable_dns64": false,
            "enable_resource_name_dns_a_record_on_launch": false,
            "enable_resource_name_dns_aaaa_record_on_launch": false,
            "id": "subnet-051925463e261e733",
            "ipv6_cidr_block": "",
            "ipv6_cidr_block_association_id": "",
            "ipv6_native": false,
            "map_customer_owned_ip_on_launch": false,
            "map_public_ip_on_launch": true,
            "outpost_arn": "",
            "owner_id": "533253532860",
            "private_dns_hostname_type_on_launch": "ip-name",
            "tags": {
              "Name": "public_subnet_1_dev"
            },
            "tags_all": {
              "Name": "public_subnet_1_dev"
            },
            "timeouts": null,
            "vpc_id": "vpc-0bdf66f19385c1faa"
          },
          "sensitive_attributes": [],
          "private": "eyJlMmJmYjczMC1lY2FhLTExZTYtOGY4OC0zNDM2M2JjN2M0YzAiOnsiY3JlYXRlIjo2MDAwMDAwMDAwMDAsImRlbGV0ZSI6MTIwMDAwMDAwMDAwMH0sInNjaGVtYV92ZXJzaW9uIjoiMSJ9",
          "dependencies": [
            "module.networking.aws_vpc.aws_vpc",
            "module.networking.data.aws_availability_zones.az_availables"
          ],
          "create_before_destroy": true
        }
      ]
    },
    {
      "module": "module.networking",
      "mode": "managed",
      "type": "aws_vpc",
      "name": "aws_vpc",
      "provider": "provider[\"registry.terraform.io/hashicorp/aws\"]",
      "instances": [
        {
          "schema_version": 1,
          "attributes": {
            "arn": "arn:aws:ec2:eu-central-1:533253532860:vpc/vpc-0bdf66f19385c1faa",
            "assign_generated_ipv6_cidr_block": false,
            "cidr_block": "10.120.0.0/16",
            "default_network_acl_id": "acl-0578f0420fafaa731",
            "default_route_table_id": "rtb-0cd5dc3a4327421b9",
            "default_security_group_id": "sg-0a5b007adf1393278",
            "dhcp_options_id": "dopt-00eac941b1682e424",
            "enable_classiclink": false,
            "enable_classiclink_dns_support": false,
            "enable_dns_hostnames": true,
            "enable_dns_support": true,
            "id": "vpc-0bdf66f19385c1faa",
            "instance_tenancy": "default",
            "ipv4_ipam_pool_id": null,
            "ipv4_netmask_length": null,
            "ipv6_association_id": "",
            "ipv6_cidr_block": "",
            "ipv6_cidr_block_network_border_group": "",
            "ipv6_ipam_pool_id": "",
            "ipv6_netmask_length": 0,
            "main_route_table_id": "rtb-0cd5dc3a4327421b9",
            "owner_id": "533253532860",
            "tags": {
              "Name": "vpc_dev"
            },
            "tags_all": {
              "Name": "vpc_dev"
            }
          },
          "sensitive_attributes": [],
          "private": "eyJzY2hlbWFfdmVyc2lvbiI6IjEifQ==",
          "create_before_destroy": true
        }
      ]
    },
    {
      "module": "module.policy_devops_role",
      "mode": "data",
      "type": "aws_iam_policy_document",
      "name": "role_policy_devops_role",
      "provider": "provider[\"registry.terraform.io/hashicorp/aws\"]",
      "instances": [
        {
          "schema_version": 0,
          "attributes": {
            "id": "643355613",
            "json": "{\n  \"Version\": \"2012-10-17\",\n  \"Statement\": [\n    {\n      \"Sid\": \"AllowS3Actions\",\n      \"Effect\": \"Allow\",\n      \"Action\": \"s3:*\",\n      \"Resource\": \"*\"\n    },\n    {\n      \"Sid\": \"AllowCodebuildActions\",\n      \"Effect\": \"Allow\",\n      \"Action\": [\n        \"codebuild:StopBuild\",\n        \"codebuild:StartBuildBatch\",\n        \"codebuild:StartBuild\",\n        \"codebuild:BatchGetBuilds\",\n        \"codebuild:BatchGetBuildBatches\"\n      ],\n      \"Resource\": [\n        \"arn:aws:codebuild:eu-central-1:533253532860:project/codebuild-dev-client\",\n        \"arn:aws:codebuild:eu-central-1:533253532860:project/codebuild-dev-backend\"\n      ]\n    },\n    {\n      \"Sid\": \"AllowCodebuildList\",\n      \"Effect\": \"Allow\",\n      \"Action\": \"codebuild:ListBuilds\",\n      \"Resource\": \"*\"\n    },\n    {\n      \"Sid\": \"AllowCodeDeployActions\",\n      \"Effect\": \"Allow\",\n      \"Action\": [\n        \"codedeploy:RegisterApplicationRevision\",\n        \"codedeploy:GetDeploymentGroup\",\n        \"codedeploy:GetDeployment\",\n        \"codedeploy:GetApplicationRevision\",\n        \"codedeploy:GetApplication\",\n        \"codedeploy:CreateDeployment\"\n      ],\n      \"Resource\": [\n        \"arn:aws:codedeploy:eu-central-1:533253532860:deploymentgroup:deploy-dev-client/deployment-group-deploy-dev-client\",\n        \"arn:aws:codedeploy:eu-central-1:533253532860:application:deploy-dev-client\"\n      ]\n    },\n    {\n      \"Sid\": \"AllowCodeDeployConfigs\",\n      \"Effect\": \"Allow\",\n      \"Action\": [\n        \"codedeploy:StopDeployment\",\n        \"codedeploy:ListDeployments\",\n        \"codedeploy:ListDeploymentGroups\",\n        \"codedeploy:ListDeploymentConfigs\",\n        \"codedeploy:ListApplications\",\n        \"codedeploy:GetDeploymentTarget\",\n        \"codedeploy:GetDeploymentConfig\",\n        \"codedeploy:CreateDeploymentGroup\",\n        \"codedeploy:CreateDeploymentConfig\"\n      ],\n      \"Resource\": \"*\"\n    },\n    {\n      \"Sid\": \"AllowECRActions\",\n      \"Effect\": \"Allow\",\n      \"Action\": [\n        \"ecr:UploadLayerPart\",\n        \"ecr:PutImage\",\n        \"ecr:InitiateLayerUpload\",\n        \"ecr:GetDownloadUrlForLayer\",\n        \"ecr:CompleteLayerUpload\",\n        \"ecr:BatchGetImage\",\n        \"ecr:BatchCheckLayerAvailability\"\n      ],\n      \"Resource\": \"arn:aws:ecr:eu-central-1:533253532860:repository/repo-client\"\n    },\n    {\n      \"Sid\": \"AllowECRAuthorization\",\n      \"Effect\": \"Allow\",\n      \"Action\": \"ecr:GetAuthorizationToken\",\n      \"Resource\": \"*\"\n    },\n    {\n      \"Sid\": \"AllowCECSServiceActions\",\n      \"Effect\": \"Allow\",\n      \"Action\": [\n        \"ecs:UpdateTaskSet\",\n        \"ecs:UpdateServicePrimaryTaskSet\",\n        \"ecs:UpdateService\",\n        \"ecs:UpdateCluster\",\n        \"ecs:UpdateCapacityProvider\",\n        \"ecs:StopTask\",\n        \"ecs:StartTask\",\n        \"ecs:RunTask\",\n        \"ecs:RegisterTaskDefinition\",\n        \"ecs:PutClusterCapacityProviders\",\n        \"ecs:ListTasks\",\n        \"ecs:ListServices\",\n        \"ecs:DescribeTasks\",\n        \"ecs:DescribeTaskSets\",\n        \"ecs:DescribeTaskDefinition\",\n        \"ecs:DescribeServices\",\n        \"ecs:DeregisterContainerInstance\",\n        \"ecs:DeleteTaskSet\",\n        \"ecs:CreateTaskSet\"\n      ],\n      \"Resource\": \"*\"\n    },\n    {\n      \"Sid\": \"AllowIAMPassRole\",\n      \"Effect\": \"Allow\",\n      \"Action\": \"iam:PassRole\",\n      \"Resource\": \"*\"\n    },\n    {\n      \"Sid\": \"AllowCloudWatchActions\",\n      \"Effect\": \"Allow\",\n      \"Action\": [\n        \"logs:PutLogEvents\",\n        \"logs:CreateLogStream\",\n        \"logs:CreateLogGroup\"\n      ],\n      \"Resource\": \"*\"\n    },\n    {\n      \"Sid\": \"AllowCodeStarConnections\",\n      \"Effect\": \"Allow\",\n      \"Action\": \"codestar-connections:*\",\n      \"Resource\": \"*\"\n    }\n  ]\n}",
            "override_json": null,
            "override_policy_documents": null,
            "policy_id": null,
            "source_json": null,
            "source_policy_documents": null,
            "statement": [
              {
                "actions": [
                  "s3:*"
                ],
                "condition": [],
                "effect": "Allow",
                "not_actions": [],
                "not_principals": [],
                "not_resources": [],
                "principals": [],
                "resources": [
                  "*"
                ],
                "sid": "AllowS3Actions"
              },
              {
                "actions": [
                  "codebuild:BatchGetBuildBatches",
                  "codebuild:BatchGetBuilds",
                  "codebuild:StartBuild",
                  "codebuild:StartBuildBatch",
                  "codebuild:StopBuild"
                ],
                "condition": [],
                "effect": "Allow",
                "not_actions": [],
                "not_principals": [],
                "not_resources": [],
                "principals": [],
                "resources": [
                  "arn:aws:codebuild:eu-central-1:533253532860:project/codebuild-dev-backend",
                  "arn:aws:codebuild:eu-central-1:533253532860:project/codebuild-dev-client"
                ],
                "sid": "AllowCodebuildActions"
              },
              {
                "actions": [
                  "codebuild:ListBuilds"
                ],
                "condition": [],
                "effect": "Allow",
                "not_actions": [],
                "not_principals": [],
                "not_resources": [],
                "principals": [],
                "resources": [
                  "*"
                ],
                "sid": "AllowCodebuildList"
              },
              {
                "actions": [
                  "codedeploy:CreateDeployment",
                  "codedeploy:GetApplication",
                  "codedeploy:GetApplicationRevision",
                  "codedeploy:GetDeployment",
                  "codedeploy:GetDeploymentGroup",
                  "codedeploy:RegisterApplicationRevision"
                ],
                "condition": [],
                "effect": "Allow",
                "not_actions": [],
                "not_principals": [],
                "not_resources": [],
                "principals": [],
                "resources": [
                  "arn:aws:codedeploy:eu-central-1:533253532860:application:deploy-dev-client",
                  "arn:aws:codedeploy:eu-central-1:533253532860:deploymentgroup:deploy-dev-client/deployment-group-deploy-dev-client"
                ],
                "sid": "AllowCodeDeployActions"
              },
              {
                "actions": [
                  "codedeploy:CreateDeploymentConfig",
                  "codedeploy:CreateDeploymentGroup",
                  "codedeploy:GetDeploymentConfig",
                  "codedeploy:GetDeploymentTarget",
                  "codedeploy:ListApplications",
                  "codedeploy:ListDeploymentConfigs",
                  "codedeploy:ListDeploymentGroups",
                  "codedeploy:ListDeployments",
                  "codedeploy:StopDeployment"
                ],
                "condition": [],
                "effect": "Allow",
                "not_actions": [],
                "not_principals": [],
                "not_resources": [],
                "principals": [],
                "resources": [
                  "*"
                ],
                "sid": "AllowCodeDeployConfigs"
              },
              {
                "actions": [
                  "ecr:BatchCheckLayerAvailability",
                  "ecr:BatchGetImage",
                  "ecr:CompleteLayerUpload",
                  "ecr:GetDownloadUrlForLayer",
                  "ecr:InitiateLayerUpload",
                  "ecr:PutImage",
                  "ecr:UploadLayerPart"
                ],
                "condition": [],
                "effect": "Allow",
                "not_actions": [],
                "not_principals": [],
                "not_resources": [],
                "principals": [],
                "resources": [
                  "arn:aws:ecr:eu-central-1:533253532860:repository/repo-client"
                ],
                "sid": "AllowECRActions"
              },
              {
                "actions": [
                  "ecr:GetAuthorizationToken"
                ],
                "condition": [],
                "effect": "Allow",
                "not_actions": [],
                "not_principals": [],
                "not_resources": [],
                "principals": [],
                "resources": [
                  "*"
                ],
                "sid": "AllowECRAuthorization"
              },
              {
                "actions": [
                  "ecs:CreateTaskSet",
                  "ecs:DeleteTaskSet",
                  "ecs:DeregisterContainerInstance",
                  "ecs:DescribeServices",
                  "ecs:DescribeTaskDefinition",
                  "ecs:DescribeTaskSets",
                  "ecs:DescribeTasks",
                  "ecs:ListServices",
                  "ecs:ListTasks",
                  "ecs:PutClusterCapacityProviders",
                  "ecs:RegisterTaskDefinition",
                  "ecs:RunTask",
                  "ecs:StartTask",
                  "ecs:StopTask",
                  "ecs:UpdateCapacityProvider",
                  "ecs:UpdateCluster",
                  "ecs:UpdateService",
                  "ecs:UpdateServicePrimaryTaskSet",
                  "ecs:UpdateTaskSet"
                ],
                "condition": [],
                "effect": "Allow",
                "not_actions": [],
                "not_principals": [],
                "not_resources": [],
                "principals": [],
                "resources": [
                  "*"
                ],
                "sid": "AllowCECSServiceActions"
              },
              {
                "actions": [
                  "iam:PassRole"
                ],
                "condition": [],
                "effect": "Allow",
                "not_actions": [],
                "not_principals": [],
                "not_resources": [],
                "principals": [],
                "resources": [
                  "*"
                ],
                "sid": "AllowIAMPassRole"
              },
              {
                "actions": [
                  "logs:CreateLogGroup",
                  "logs:CreateLogStream",
                  "logs:PutLogEvents"
                ],
                "condition": [],
                "effect": "Allow",
                "not_actions": [],
                "not_principals": [],
                "not_resources": [],
                "principals": [],
                "resources": [
                  "*"
                ],
                "sid": "AllowCloudWatchActions"
              },
              {
                "actions": [
                  "codestar-connections:*"
                ],
                "condition": [],
                "effect": "Allow",
                "not_actions": [],
                "not_principals": [],
                "not_resources": [],
                "principals": [],
                "resources": [
                  "*"
                ],
                "sid": "AllowCodeStarConnections"
              }
            ],
            "version": "2012-10-17"
          },
          "sensitive_attributes": []
        }
      ]
    },
    {
      "module": "module.policy_devops_role",
      "mode": "data",
      "type": "aws_iam_policy_document",
      "name": "role_policy_ecs_task_role",
      "provider": "provider[\"registry.terraform.io/hashicorp/aws\"]",
      "instances": [
        {
          "schema_version": 0,
          "attributes": {
            "id": "3542866187",
            "json": "{\n  \"Version\": \"2012-10-17\",\n  \"Statement\": [\n    {\n      \"Sid\": \"AllowS3Actions\",\n      \"Effect\": \"Allow\",\n      \"Action\": [\n        \"s3:ListBucket\",\n        \"s3:GetObject\"\n      ],\n      \"Resource\": \"*\"\n    },\n    {\n      \"Sid\": \"AllowIAMPassRole\",\n      \"Effect\": \"Allow\",\n      \"Action\": \"iam:PassRole\",\n      \"Resource\": \"*\"\n    },\n    {\n      \"Sid\": \"AllowDynamodbActions\",\n      \"Effect\": \"Allow\",\n      \"Action\": [\n        \"dynamodb:Scan\",\n        \"dynamodb:Query\",\n        \"dynamodb:List*\",\n        \"dynamodb:GetItem\",\n        \"dynamodb:Describe*\",\n        \"dynamodb:BatchGetItem\"\n      ],\n      \"Resource\": \"*\"\n    }\n  ]\n}",
            "override_json": null,
            "override_policy_documents": null,
            "policy_id": null,
            "source_json": null,
            "source_policy_documents": null,
            "statement": [
              {
                "actions": [
                  "s3:GetObject",
                  "s3:ListBucket"
                ],
                "condition": [],
                "effect": "Allow",
                "not_actions": [],
                "not_principals": [],
                "not_resources": [],
                "principals": [],
                "resources": [
                  "*"
                ],
                "sid": "AllowS3Actions"
              },
              {
                "actions": [
                  "iam:PassRole"
                ],
                "condition": [],
                "effect": "Allow",
                "not_actions": [],
                "not_principals": [],
                "not_resources": [],
                "principals": [],
                "resources": [
                  "*"
                ],
                "sid": "AllowIAMPassRole"
              },
              {
                "actions": [
                  "dynamodb:BatchGetItem",
                  "dynamodb:Describe*",
                  "dynamodb:GetItem",
                  "dynamodb:List*",
                  "dynamodb:Query",
                  "dynamodb:Scan"
                ],
                "condition": [],
                "effect": "Allow",
                "not_actions": [],
                "not_principals": [],
                "not_resources": [],
                "principals": [],
                "resources": [
                  "*"
                ],
                "sid": "AllowDynamodbActions"
              }
            ],
            "version": "2012-10-17"
          },
          "sensitive_attributes": []
        }
      ]
    },
    {
      "module": "module.policy_devops_role",
      "mode": "managed",
      "type": "aws_iam_policy",
      "name": "policy_for_role",
      "provider": "provider[\"registry.terraform.io/hashicorp/aws\"]",
      "instances": [
        {
          "index_key": 0,
          "schema_version": 0,
          "attributes": {
            "arn": "arn:aws:iam::533253532860:policy/Policy-devops-dev",
            "description": "IAM Policy for Role devops-dev",
            "id": "arn:aws:iam::533253532860:policy/Policy-devops-dev",
            "name": "Policy-devops-dev",
            "name_prefix": null,
            "path": "/",
            "policy": "{\"Statement\":[{\"Action\":\"s3:*\",\"Effect\":\"Allow\",\"Resource\":\"*\",\"Sid\":\"AllowS3Actions\"},{\"Action\":[\"codebuild:StopBuild\",\"codebuild:StartBuildBatch\",\"codebuild:StartBuild\",\"codebuild:BatchGetBuilds\",\"codebuild:BatchGetBuildBatches\"],\"Effect\":\"Allow\",\"Resource\":[\"arn:aws:codebuild:eu-central-1:533253532860:project/codebuild-dev-client\",\"arn:aws:codebuild:eu-central-1:533253532860:project/codebuild-dev-backend\"],\"Sid\":\"AllowCodebuildActions\"},{\"Action\":\"codebuild:ListBuilds\",\"Effect\":\"Allow\",\"Resource\":\"*\",\"Sid\":\"AllowCodebuildList\"},{\"Action\":[\"codedeploy:RegisterApplicationRevision\",\"codedeploy:GetDeploymentGroup\",\"codedeploy:GetDeployment\",\"codedeploy:GetApplicationRevision\",\"codedeploy:GetApplication\",\"codedeploy:CreateDeployment\"],\"Effect\":\"Allow\",\"Resource\":[\"arn:aws:codedeploy:eu-central-1:533253532860:deploymentgroup:deploy-dev-client/deployment-group-deploy-dev-client\",\"arn:aws:codedeploy:eu-central-1:533253532860:application:deploy-dev-client\"],\"Sid\":\"AllowCodeDeployActions\"},{\"Action\":[\"codedeploy:StopDeployment\",\"codedeploy:ListDeployments\",\"codedeploy:ListDeploymentGroups\",\"codedeploy:ListDeploymentConfigs\",\"codedeploy:ListApplications\",\"codedeploy:GetDeploymentTarget\",\"codedeploy:GetDeploymentConfig\",\"codedeploy:CreateDeploymentGroup\",\"codedeploy:CreateDeploymentConfig\"],\"Effect\":\"Allow\",\"Resource\":\"*\",\"Sid\":\"AllowCodeDeployConfigs\"},{\"Action\":[\"ecr:UploadLayerPart\",\"ecr:PutImage\",\"ecr:InitiateLayerUpload\",\"ecr:GetDownloadUrlForLayer\",\"ecr:CompleteLayerUpload\",\"ecr:BatchGetImage\",\"ecr:BatchCheckLayerAvailability\"],\"Effect\":\"Allow\",\"Resource\":\"arn:aws:ecr:eu-central-1:533253532860:repository/repo-client\",\"Sid\":\"AllowECRActions\"},{\"Action\":\"ecr:GetAuthorizationToken\",\"Effect\":\"Allow\",\"Resource\":\"*\",\"Sid\":\"AllowECRAuthorization\"},{\"Action\":[\"ecs:UpdateTaskSet\",\"ecs:UpdateServicePrimaryTaskSet\",\"ecs:UpdateService\",\"ecs:UpdateCluster\",\"ecs:UpdateCapacityProvider\",\"ecs:StopTask\",\"ecs:StartTask\",\"ecs:RunTask\",\"ecs:RegisterTaskDefinition\",\"ecs:PutClusterCapacityProviders\",\"ecs:ListTasks\",\"ecs:ListServices\",\"ecs:DescribeTasks\",\"ecs:DescribeTaskSets\",\"ecs:DescribeTaskDefinition\",\"ecs:DescribeServices\",\"ecs:DeregisterContainerInstance\",\"ecs:DeleteTaskSet\",\"ecs:CreateTaskSet\"],\"Effect\":\"Allow\",\"Resource\":\"*\",\"Sid\":\"AllowCECSServiceActions\"},{\"Action\":\"iam:PassRole\",\"Effect\":\"Allow\",\"Resource\":\"*\",\"Sid\":\"AllowIAMPassRole\"},{\"Action\":[\"logs:PutLogEvents\",\"logs:CreateLogStream\",\"logs:CreateLogGroup\"],\"Effect\":\"Allow\",\"Resource\":\"*\",\"Sid\":\"AllowCloudWatchActions\"},{\"Action\":\"codestar-connections:*\",\"Effect\":\"Allow\",\"Resource\":\"*\",\"Sid\":\"AllowCodeStarConnections\"}],\"Version\":\"2012-10-17\"}",
            "policy_id": "ANPAXYKDDFS6I2ZFKBTN3",
            "tags": {},
            "tags_all": {}
          },
          "sensitive_attributes": [],
          "private": "bnVsbA==",
          "dependencies": [
            "data.aws_caller_identity.id_current_account",
            "module.alb_backend.aws_alb.alb",
            "module.alb_client.aws_alb.alb",
            "module.alb_client.aws_alb_listener.http_listener",
            "module.alb_client.aws_alb_listener.https_listener",
            "module.alb_client.aws_alb_target_group.target_group",
            "module.codebuild_backend.aws_codebuild_project.aws_codebuild",
            "module.codebuild_client.aws_codebuild_project.aws_codebuild",
            "module.codedeploy_client.aws_codedeploy_app.main",
            "module.codedeploy_client.aws_codedeploy_deployment_group.main",
            "module.codedeploy_role.aws_iam_role.codedeploy_role",
            "module.devops_role.aws_iam_role.devops_role",
            "module.devops_role.aws_iam_role.ecs_task_excecution_role",
            "module.ecr_client.aws_ecr_repository.ecr_repository",
            "module.ecs_cluster.aws_ecs_cluster.ecs_cluster",
            "module.ecs_role.aws_iam_role.devops_role",
            "module.ecs_role.aws_iam_role.ecs_task_excecution_role",
            "module.ecs_role.aws_iam_role.ecs_task_role",
            "module.ecs_service_client.aws_ecs_service.ecs_service",
            "module.ecs_taks_definition_client.aws_ecs_task_definition.ecs_task_definition",
            "module.networking.aws_subnet.private_subnets_client",
            "module.networking.aws_subnet.public_subnets",
            "module.networking.aws_vpc.aws_vpc",
            "module.networking.data.aws_availability_zones.az_availables",
            "module.policy_devops_role.data.aws_iam_policy_document.role_policy_devops_role",
            "module.security_group_alb_backend.aws_security_group.sg",
            "module.security_group_alb_client.aws_security_group.sg",
            "module.security_group_ecs_task_client.aws_security_group.sg",
            "module.sns.aws_sns_topic.sns_notifications",
            "module.target_group_client_blue.aws_alb_target_group.target_group",
            "module.target_group_client_green.aws_alb_target_group.target_group"
          ],
          "create_before_destroy": true
        }
      ]
    },
    {
      "module": "module.policy_devops_role",
      "mode": "managed",
      "type": "aws_iam_role_policy_attachment",
      "name": "attachment2",
      "provider": "provider[\"registry.terraform.io/hashicorp/aws\"]",
      "instances": [
        {
          "index_key": 0,
          "schema_version": 0,
          "attributes": {
            "id": "DevOps-Role-20220308091455918000000005",
            "policy_arn": "arn:aws:iam::533253532860:policy/Policy-devops-dev",
            "role": "DevOps-Role"
          },
          "sensitive_attributes": [],
          "private": "bnVsbA==",
          "dependencies": [
            "data.aws_caller_identity.id_current_account",
            "module.alb_backend.aws_alb.alb",
            "module.alb_client.aws_alb.alb",
            "module.alb_client.aws_alb_listener.http_listener",
            "module.alb_client.aws_alb_listener.https_listener",
            "module.alb_client.aws_alb_target_group.target_group",
            "module.codebuild_backend.aws_codebuild_project.aws_codebuild",
            "module.codebuild_client.aws_codebuild_project.aws_codebuild",
            "module.codedeploy_client.aws_codedeploy_app.main",
            "module.codedeploy_client.aws_codedeploy_deployment_group.main",
            "module.codedeploy_role.aws_iam_role.codedeploy_role",
            "module.devops_role.aws_iam_role.devops_role",
            "module.devops_role.aws_iam_role.ecs_task_excecution_role",
            "module.ecr_client.aws_ecr_repository.ecr_repository",
            "module.ecs_cluster.aws_ecs_cluster.ecs_cluster",
            "module.ecs_role.aws_iam_role.devops_role",
            "module.ecs_role.aws_iam_role.ecs_task_excecution_role",
            "module.ecs_role.aws_iam_role.ecs_task_role",
            "module.ecs_service_client.aws_ecs_service.ecs_service",
            "module.ecs_taks_definition_client.aws_ecs_task_definition.ecs_task_definition",
            "module.networking.aws_subnet.private_subnets_client",
            "module.networking.aws_subnet.public_subnets",
            "module.networking.aws_vpc.aws_vpc",
            "module.networking.data.aws_availability_zones.az_availables",
            "module.policy_devops_role.aws_iam_policy.policy_for_role",
            "module.policy_devops_role.data.aws_iam_policy_document.role_policy_devops_role",
            "module.security_group_alb_backend.aws_security_group.sg",
            "module.security_group_alb_client.aws_security_group.sg",
            "module.security_group_ecs_task_client.aws_security_group.sg",
            "module.sns.aws_sns_topic.sns_notifications",
            "module.target_group_client_blue.aws_alb_target_group.target_group",
            "module.target_group_client_green.aws_alb_target_group.target_group"
          ],
          "create_before_destroy": true
        }
      ]
    },
    {
      "module": "module.s3_assets",
      "mode": "managed",
      "type": "aws_s3_bucket",
      "name": "s3_bucket",
      "provider": "provider[\"registry.terraform.io/hashicorp/aws\"]",
      "instances": [
        {
          "schema_version": 0,
          "attributes": {
            "acceleration_status": "",
            "acl": "private",
            "arn": "arn:aws:s3:::assets-eu-central-1-d6db",
            "bucket": "assets-eu-central-1-d6db",
            "bucket_domain_name": "assets-eu-central-1-d6db.s3.amazonaws.com",
            "bucket_prefix": null,
            "bucket_regional_domain_name": "assets-eu-central-1-d6db.s3.eu-central-1.amazonaws.com",
            "cors_rule": [],
            "force_destroy": true,
            "grant": [],
            "hosted_zone_id": "Z21DNDUVLTQW6Q",
            "id": "assets-eu-central-1-d6db",
            "lifecycle_rule": [],
            "logging": [],
            "object_lock_configuration": [],
            "policy": null,
            "region": "eu-central-1",
            "replication_configuration": [],
            "request_payer": "BucketOwner",
            "server_side_encryption_configuration": [],
            "tags": {
              "Name": "assets-eu-central-1-d6db"
            },
            "tags_all": {
              "Name": "assets-eu-central-1-d6db"
            },
            "versioning": [
              {
                "enabled": false,
                "mfa_delete": false
              }
            ],
            "website": [],
            "website_domain": null,
            "website_endpoint": null
          },
          "sensitive_attributes": [],
          "private": "bnVsbA==",
          "dependencies": [
            "random_id.RANDOM_ID"
          ]
        }
      ]
    },
    {
      "module": "module.s3_codepipeline",
      "mode": "managed",
      "type": "aws_s3_bucket",
      "name": "s3_bucket",
      "provider": "provider[\"registry.terraform.io/hashicorp/aws\"]",
      "instances": [
        {
          "schema_version": 0,
          "attributes": {
            "acceleration_status": "",
            "acl": "private",
            "arn": "arn:aws:s3:::codepipeline-eu-central-1-d6db",
            "bucket": "codepipeline-eu-central-1-d6db",
            "bucket_domain_name": "codepipeline-eu-central-1-d6db.s3.amazonaws.com",
            "bucket_prefix": null,
            "bucket_regional_domain_name": "codepipeline-eu-central-1-d6db.s3.eu-central-1.amazonaws.com",
            "cors_rule": [],
            "force_destroy": true,
            "grant": [],
            "hosted_zone_id": "Z21DNDUVLTQW6Q",
            "id": "codepipeline-eu-central-1-d6db",
            "lifecycle_rule": [],
            "logging": [],
            "object_lock_configuration": [],
            "policy": null,
            "region": "eu-central-1",
            "replication_configuration": [],
            "request_payer": "BucketOwner",
            "server_side_encryption_configuration": [],
            "tags": {
              "Name": "codepipeline-eu-central-1-d6db"
            },
            "tags_all": {
              "Name": "codepipeline-eu-central-1-d6db"
            },
            "versioning": [
              {
                "enabled": false,
                "mfa_delete": false
              }
            ],
            "website": [],
            "website_domain": null,
            "website_endpoint": null
          },
          "sensitive_attributes": [],
          "private": "bnVsbA==",
          "dependencies": [
            "random_id.RANDOM_ID"
          ]
        }
      ]
    },
    {
      "module": "module.security_group_alb_backend",
      "mode": "managed",
      "type": "aws_security_group",
      "name": "sg",
      "provider": "provider[\"registry.terraform.io/hashicorp/aws\"]",
      "instances": [
        {
          "schema_version": 1,
          "attributes": {
            "arn": "arn:aws:ec2:eu-central-1:533253532860:security-group/sg-09854e18bcb6028f9",
            "description": "Controls access to the server ALB",
            "egress": [
              {
                "cidr_blocks": [
                  "0.0.0.0/0"
                ],
                "description": "",
                "from_port": 0,
                "ipv6_cidr_blocks": [],
                "prefix_list_ids": [],
                "protocol": "-1",
                "security_groups": [],
                "self": false,
                "to_port": 0
              }
            ],
            "id": "sg-09854e18bcb6028f9",
            "ingress": [
              {
                "cidr_blocks": [
                  "0.0.0.0/0"
                ],
                "description": "",
                "from_port": 80,
                "ipv6_cidr_blocks": [],
                "prefix_list_ids": [],
                "protocol": "tcp",
                "security_groups": [],
                "self": false,
                "to_port": 80
              }
            ],
            "name": "alb-dev-backend",
            "name_prefix": "",
            "owner_id": "533253532860",
            "revoke_rules_on_delete": false,
            "tags": {
              "Name": "alb-dev-backend"
            },
            "tags_all": {
              "Name": "alb-dev-backend"
            },
            "timeouts": null,
            "vpc_id": "vpc-0bdf66f19385c1faa"
          },
          "sensitive_attributes": [],
          "private": "eyJlMmJmYjczMC1lY2FhLTExZTYtOGY4OC0zNDM2M2JjN2M0YzAiOnsiY3JlYXRlIjo2MDAwMDAwMDAwMDAsImRlbGV0ZSI6OTAwMDAwMDAwMDAwfSwic2NoZW1hX3ZlcnNpb24iOiIxIn0=",
          "dependencies": [
            "module.networking.aws_vpc.aws_vpc"
          ],
          "create_before_destroy": true
        }
      ]
    },
    {
      "module": "module.security_group_alb_client",
      "mode": "managed",
      "type": "aws_security_group",
      "name": "sg",
      "provider": "provider[\"registry.terraform.io/hashicorp/aws\"]",
      "instances": [
        {
          "schema_version": 1,
          "attributes": {
            "arn": "arn:aws:ec2:eu-central-1:533253532860:security-group/sg-00dbd9d5ac568af25",
            "description": "Controls access to the client ALB",
            "egress": [
              {
                "cidr_blocks": [
                  "0.0.0.0/0"
                ],
                "description": "",
                "from_port": 0,
                "ipv6_cidr_blocks": [],
                "prefix_list_ids": [],
                "protocol": "-1",
                "security_groups": [],
                "self": false,
                "to_port": 0
              }
            ],
            "id": "sg-00dbd9d5ac568af25",
            "ingress": [
              {
                "cidr_blocks": [
                  "0.0.0.0/0"
                ],
                "description": "",
                "from_port": 80,
                "ipv6_cidr_blocks": [],
                "prefix_list_ids": [],
                "protocol": "tcp",
                "security_groups": [],
                "self": false,
                "to_port": 80
              }
            ],
            "name": "alb-dev-client",
            "name_prefix": "",
            "owner_id": "533253532860",
            "revoke_rules_on_delete": false,
            "tags": {
              "Name": "alb-dev-client"
            },
            "tags_all": {
              "Name": "alb-dev-client"
            },
            "timeouts": null,
            "vpc_id": "vpc-0bdf66f19385c1faa"
          },
          "sensitive_attributes": [],
          "private": "eyJlMmJmYjczMC1lY2FhLTExZTYtOGY4OC0zNDM2M2JjN2M0YzAiOnsiY3JlYXRlIjo2MDAwMDAwMDAwMDAsImRlbGV0ZSI6OTAwMDAwMDAwMDAwfSwic2NoZW1hX3ZlcnNpb24iOiIxIn0=",
          "dependencies": [
            "module.networking.aws_vpc.aws_vpc"
          ],
          "create_before_destroy": true
        }
      ]
    },
    {
      "module": "module.security_group_ecs_task_client",
      "mode": "managed",
      "type": "aws_security_group",
      "name": "sg",
      "provider": "provider[\"registry.terraform.io/hashicorp/aws\"]",
      "instances": [
        {
          "schema_version": 1,
          "attributes": {
            "arn": "arn:aws:ec2:eu-central-1:533253532860:security-group/sg-0a783c4a75c489a39",
            "description": "Controls access to the client ECS task",
            "egress": [
              {
                "cidr_blocks": [
                  "0.0.0.0/0"
                ],
                "description": "",
                "from_port": 0,
                "ipv6_cidr_blocks": [],
                "prefix_list_ids": [],
                "protocol": "-1",
                "security_groups": [],
                "self": false,
                "to_port": 0
              }
            ],
            "id": "sg-0a783c4a75c489a39",
            "ingress": [
              {
                "cidr_blocks": [],
                "description": "",
                "from_port": 80,
                "ipv6_cidr_blocks": [],
                "prefix_list_ids": [],
                "protocol": "tcp",
                "security_groups": [
                  "sg-00dbd9d5ac568af25"
                ],
                "self": false,
                "to_port": 80
              }
            ],
            "name": "ecs-task-dev-client",
            "name_prefix": "",
            "owner_id": "533253532860",
            "revoke_rules_on_delete": false,
            "tags": {
              "Name": "ecs-task-dev-client"
            },
            "tags_all": {
              "Name": "ecs-task-dev-client"
            },
            "timeouts": null,
            "vpc_id": "vpc-0bdf66f19385c1faa"
          },
          "sensitive_attributes": [],
          "private": "eyJlMmJmYjczMC1lY2FhLTExZTYtOGY4OC0zNDM2M2JjN2M0YzAiOnsiY3JlYXRlIjo2MDAwMDAwMDAwMDAsImRlbGV0ZSI6OTAwMDAwMDAwMDAwfSwic2NoZW1hX3ZlcnNpb24iOiIxIn0=",
          "dependencies": [
            "module.networking.aws_vpc.aws_vpc",
            "module.security_group_alb_client.aws_security_group.sg"
          ],
          "create_before_destroy": true
        }
      ]
    },
    {
      "module": "module.sns",
      "mode": "managed",
      "type": "aws_sns_topic",
      "name": "sns_notifications",
      "provider": "provider[\"registry.terraform.io/hashicorp/aws\"]",
      "instances": [
        {
          "schema_version": 0,
          "attributes": {
            "application_failure_feedback_role_arn": "",
            "application_success_feedback_role_arn": "",
            "application_success_feedback_sample_rate": 0,
            "arn": "arn:aws:sns:eu-central-1:533253532860:sns-dev",
            "content_based_deduplication": false,
            "delivery_policy": "",
            "display_name": "",
            "fifo_topic": false,
            "firehose_failure_feedback_role_arn": "",
            "firehose_success_feedback_role_arn": "",
            "firehose_success_feedback_sample_rate": 0,
            "http_failure_feedback_role_arn": "",
            "http_success_feedback_role_arn": "",
            "http_success_feedback_sample_rate": 0,
            "id": "arn:aws:sns:eu-central-1:533253532860:sns-dev",
            "kms_master_key_id": "",
            "lambda_failure_feedback_role_arn": "",
            "lambda_success_feedback_role_arn": "",
            "lambda_success_feedback_sample_rate": 0,
            "name": "sns-dev",
            "name_prefix": "",
            "owner": "533253532860",
            "policy": "{\"Version\":\"2008-10-17\",\"Id\":\"__default_policy_ID\",\"Statement\":[{\"Sid\":\"__default_statement_ID\",\"Effect\":\"Allow\",\"Principal\":{\"AWS\":\"*\"},\"Action\":[\"SNS:GetTopicAttributes\",\"SNS:SetTopicAttributes\",\"SNS:AddPermission\",\"SNS:RemovePermission\",\"SNS:DeleteTopic\",\"SNS:Subscribe\",\"SNS:ListSubscriptionsByTopic\",\"SNS:Publish\"],\"Resource\":\"arn:aws:sns:eu-central-1:533253532860:sns-dev\",\"Condition\":{\"StringEquals\":{\"AWS:SourceOwner\":\"533253532860\"}}}]}",
            "sqs_failure_feedback_role_arn": "",
            "sqs_success_feedback_role_arn": "",
            "sqs_success_feedback_sample_rate": 0,
            "tags": {},
            "tags_all": {}
          },
          "sensitive_attributes": [],
          "private": "bnVsbA==",
          "create_before_destroy": true
        }
      ]
    },
    {
      "module": "module.target_group_backend",
      "mode": "managed",
      "type": "aws_alb_target_group",
      "name": "target_group",
      "provider": "provider[\"registry.terraform.io/hashicorp/aws\"]",
      "instances": [
        {
          "index_key": 0,
          "schema_version": 0,
          "attributes": {
            "arn": "arn:aws:elasticloadbalancing:eu-central-1:533253532860:targetgroup/tg-dev-b/9b5c1015cf1ace89",
            "arn_suffix": "targetgroup/tg-dev-b/9b5c1015cf1ace89",
            "connection_termination": false,
            "deregistration_delay": "5",
            "health_check": [
              {
                "enabled": false,
                "healthy_threshold": 2,
                "interval": 15,
                "matcher": "200",
                "path": "/",
                "port": "",
                "protocol": "",
                "timeout": 10,
                "unhealthy_threshold": 3
              }
            ],
            "id": "arn:aws:elasticloadbalancing:eu-central-1:533253532860:targetgroup/tg-dev-b/9b5c1015cf1ace89",
            "lambda_multi_value_headers_enabled": false,
            "load_balancing_algorithm_type": null,
            "name": "tg-dev-b",
            "name_prefix": null,
            "port": 80,
            "preserve_client_ip": null,
            "protocol": "HTTP",
            "protocol_version": "",
            "proxy_protocol_v2": false,
            "slow_start": 0,
            "stickiness": [
              {
                "cookie_duration": null,
                "cookie_name": null,
                "enabled": null,
                "type": null
              }
            ],
            "tags": {},
            "tags_all": {},
            "target_type": "lambda",
            "vpc_id": "vpc-0bdf66f19385c1faa"
          },
          "sensitive_attributes": [],
          "private": "bnVsbA==",
          "dependencies": [
            "module.networking.aws_vpc.aws_vpc"
          ],
          "create_before_destroy": true
        }
      ]
    },
    {
      "module": "module.target_group_client_blue",
      "mode": "managed",
      "type": "aws_alb_target_group",
      "name": "target_group",
      "provider": "provider[\"registry.terraform.io/hashicorp/aws\"]",
      "instances": [
        {
          "index_key": 0,
          "schema_version": 0,
          "attributes": {
            "arn": "arn:aws:elasticloadbalancing:eu-central-1:533253532860:targetgroup/tg-dev-c-b/b5dd036c7a1575c7",
            "arn_suffix": "targetgroup/tg-dev-c-b/b5dd036c7a1575c7",
            "connection_termination": false,
            "deregistration_delay": "5",
            "health_check": [
              {
                "enabled": true,
                "healthy_threshold": 2,
                "interval": 15,
                "matcher": "200",
                "path": "/",
                "port": "80",
                "protocol": "HTTP",
                "timeout": 10,
                "unhealthy_threshold": 3
              }
            ],
            "id": "arn:aws:elasticloadbalancing:eu-central-1:533253532860:targetgroup/tg-dev-c-b/b5dd036c7a1575c7",
            "lambda_multi_value_headers_enabled": false,
            "load_balancing_algorithm_type": "round_robin",
            "name": "tg-dev-c-b",
            "name_prefix": null,
            "port": 80,
            "preserve_client_ip": null,
            "protocol": "HTTP",
            "protocol_version": "HTTP1",
            "proxy_protocol_v2": false,
            "slow_start": 0,
            "stickiness": [
              {
                "cookie_duration": 86400,
                "cookie_name": "",
                "enabled": false,
                "type": "lb_cookie"
              }
            ],
            "tags": {},
            "tags_all": {},
            "target_type": "ip",
            "vpc_id": "vpc-0bdf66f19385c1faa"
          },
          "sensitive_attributes": [],
          "private": "bnVsbA==",
          "dependencies": [
            "module.networking.aws_vpc.aws_vpc"
          ],
          "create_before_destroy": true
        }
      ]
    },
    {
      "module": "module.target_group_client_green",
      "mode": "managed",
      "type": "aws_alb_target_group",
      "name": "target_group",
      "provider": "provider[\"registry.terraform.io/hashicorp/aws\"]",
      "instances": [
        {
          "index_key": 0,
          "schema_version": 0,
          "attributes": {
            "arn": "arn:aws:elasticloadbalancing:eu-central-1:533253532860:targetgroup/tg-dev-c-g/d53b8a31b4dbb972",
            "arn_suffix": "targetgroup/tg-dev-c-g/d53b8a31b4dbb972",
            "connection_termination": false,
            "deregistration_delay": "5",
            "health_check": [
              {
                "enabled": true,
                "healthy_threshold": 2,
                "interval": 15,
                "matcher": "200",
                "path": "/",
                "port": "80",
                "protocol": "HTTP",
                "timeout": 10,
                "unhealthy_threshold": 3
              }
            ],
            "id": "arn:aws:elasticloadbalancing:eu-central-1:533253532860:targetgroup/tg-dev-c-g/d53b8a31b4dbb972",
            "lambda_multi_value_headers_enabled": false,
            "load_balancing_algorithm_type": "round_robin",
            "name": "tg-dev-c-g",
            "name_prefix": null,
            "port": 80,
            "preserve_client_ip": null,
            "protocol": "HTTP",
            "protocol_version": "HTTP1",
            "proxy_protocol_v2": false,
            "slow_start": 0,
            "stickiness": [
              {
                "cookie_duration": 86400,
                "cookie_name": "",
                "enabled": false,
                "type": "lb_cookie"
              }
            ],
            "tags": {},
            "tags_all": {},
            "target_type": "ip",
            "vpc_id": "vpc-0bdf66f19385c1faa"
          },
          "sensitive_attributes": [],
          "private": "bnVsbA==",
          "dependencies": [
            "module.networking.aws_vpc.aws_vpc"
          ],
          "create_before_destroy": true
        }
      ]
    }
  ]
}
